
Microsoft Visual Studio Solution File, Format Version 12.00
# Visual Studio Version 16
VisualStudioVersion = 16.0.30114.105
MinimumVisualStudioVersion = 10.0.40219.1
Project("{2150E333-8FDC-42A3-9474-1A3956D46DE8}") = "2020", "2020", "{9F4232D8-6D07-48AD-8B5D-607719C2A34E}"
EndProject
Project("{FAE04EC0-301F-11D3-BF4B-00C04F79EFBC}") = "Day01", "2020\Day01\Day01.csproj", "{40ACA6A1-5D7C-4E62-8853-8A3A1877D37B}"
EndProject
Project("{FAE04EC0-301F-11D3-BF4B-00C04F79EFBC}") = "Day01.Test", "2020\Day01.Test\Day01.Test.csproj", "{D4C2DEAB-E8FB-42B9-BEA0-D8ED7BB2DEEC}"
EndProject
Project("{FAE04EC0-301F-11D3-BF4B-00C04F79EFBC}") = "Day02", "2020\Day02\Day02.csproj", "{C218C2CF-927A-4F56-818E-22A66208A0DE}"
EndProject
Project("{FAE04EC0-301F-11D3-BF4B-00C04F79EFBC}") = "Day02.Test", "2020\Day02.Test\Day02.Test.csproj", "{8EF70BF5-5924-4956-82AB-50DF46776C90}"
EndProject
Project("{FAE04EC0-301F-11D3-BF4B-00C04F79EFBC}") = "Day03", "2020\Day03\Day03.csproj", "{AED88AC8-B58A-479A-B891-1821078B3128}"
EndProject
Project("{FAE04EC0-301F-11D3-BF4B-00C04F79EFBC}") = "Day03.Test", "2020\Day03.Test\Day03.Test.csproj", "{C727BF4C-DCEA-46D3-852C-1F3B02C8EF0C}"
EndProject
Global
	GlobalSection(SolutionConfigurationPlatforms) = preSolution
		Debug|Any CPU = Debug|Any CPU
		Release|Any CPU = Release|Any CPU
	EndGlobalSection
	GlobalSection(SolutionProperties) = preSolution
		HideSolutionNode = FALSE
	EndGlobalSection
	GlobalSection(ProjectConfigurationPlatforms) = postSolution
		{40ACA6A1-5D7C-4E62-8853-8A3A1877D37B}.Debug|Any CPU.ActiveCfg = Debug|Any CPU
		{40ACA6A1-5D7C-4E62-8853-8A3A1877D37B}.Debug|Any CPU.Build.0 = Debug|Any CPU
		{40ACA6A1-5D7C-4E62-8853-8A3A1877D37B}.Release|Any CPU.ActiveCfg = Release|Any CPU
		{40ACA6A1-5D7C-4E62-8853-8A3A1877D37B}.Release|Any CPU.Build.0 = Release|Any CPU
		{D4C2DEAB-E8FB-42B9-BEA0-D8ED7BB2DEEC}.Debug|Any CPU.ActiveCfg = Debug|Any CPU
		{D4C2DEAB-E8FB-42B9-BEA0-D8ED7BB2DEEC}.Debug|Any CPU.Build.0 = Debug|Any CPU
		{D4C2DEAB-E8FB-42B9-BEA0-D8ED7BB2DEEC}.Release|Any CPU.ActiveCfg = Release|Any CPU
		{D4C2DEAB-E8FB-42B9-BEA0-D8ED7BB2DEEC}.Release|Any CPU.Build.0 = Release|Any CPU
		{C218C2CF-927A-4F56-818E-22A66208A0DE}.Debug|Any CPU.ActiveCfg = Debug|Any CPU
		{C218C2CF-927A-4F56-818E-22A66208A0DE}.Debug|Any CPU.Build.0 = Debug|Any CPU
		{C218C2CF-927A-4F56-818E-22A66208A0DE}.Release|Any CPU.ActiveCfg = Release|Any CPU
		{C218C2CF-927A-4F56-818E-22A66208A0DE}.Release|Any CPU.Build.0 = Release|Any CPU
		{8EF70BF5-5924-4956-82AB-50DF46776C90}.Debug|Any CPU.ActiveCfg = Debug|Any CPU
		{8EF70BF5-5924-4956-82AB-50DF46776C90}.Debug|Any CPU.Build.0 = Debug|Any CPU
		{8EF70BF5-5924-4956-82AB-50DF46776C90}.Release|Any CPU.ActiveCfg = Release|Any CPU
		{8EF70BF5-5924-4956-82AB-50DF46776C90}.Release|Any CPU.Build.0 = Release|Any CPU
		{AED88AC8-B58A-479A-B891-1821078B3128}.Debug|Any CPU.ActiveCfg = Debug|Any CPU
		{AED88AC8-B58A-479A-B891-1821078B3128}.Debug|Any CPU.Build.0 = Debug|Any CPU
		{AED88AC8-B58A-479A-B891-1821078B3128}.Release|Any CPU.ActiveCfg = Release|Any CPU
		{AED88AC8-B58A-479A-B891-1821078B3128}.Release|Any CPU.Build.0 = Release|Any CPU
		{C727BF4C-DCEA-46D3-852C-1F3B02C8EF0C}.Debug|Any CPU.ActiveCfg = Debug|Any CPU
		{C727BF4C-DCEA-46D3-852C-1F3B02C8EF0C}.Debug|Any CPU.Build.0 = Debug|Any CPU
		{C727BF4C-DCEA-46D3-852C-1F3B02C8EF0C}.Release|Any CPU.ActiveCfg = Release|Any CPU
		{C727BF4C-DCEA-46D3-852C-1F3B02C8EF0C}.Release|Any CPU.Build.0 = Release|Any CPU
	EndGlobalSection
	GlobalSection(NestedProjects) = preSolution
		{40ACA6A1-5D7C-4E62-8853-8A3A1877D37B} = {9F4232D8-6D07-48AD-8B5D-607719C2A34E}
		{D4C2DEAB-E8FB-42B9-BEA0-D8ED7BB2DEEC} = {9F4232D8-6D07-48AD-8B5D-607719C2A34E}
		{C218C2CF-927A-4F56-818E-22A66208A0DE} = {9F4232D8-6D07-48AD-8B5D-607719C2A34E}
		{8EF70BF5-5924-4956-82AB-50DF46776C90} = {9F4232D8-6D07-48AD-8B5D-607719C2A34E}
		{AED88AC8-B58A-479A-B891-1821078B3128} = {9F4232D8-6D07-48AD-8B5D-607719C2A34E}
		{C727BF4C-DCEA-46D3-852C-1F3B02C8EF0C} = {9F4232D8-6D07-48AD-8B5D-607719C2A34E}
	EndGlobalSection
EndGlobal
