# This file is automatically @generated by Cargo.
# It is not intended for manual editing.
[[package]]
name = "day01"
version = "0.1.0"
dependencies = [
 "rdcl_aoc_helpers",
]

[[package]]
name = "day02"
version = "0.1.0"
dependencies = [
 "rdcl_aoc_helpers",
]

[[package]]
name = "day03"
version = "0.1.0"
dependencies = [
 "rdcl_aoc_helpers",
]

[[package]]
name = "day04"
version = "0.1.0"
dependencies = [
 "rdcl_aoc_helpers",
]

[[package]]
name = "day05"
version = "0.1.0"
dependencies = [
 "rdcl_aoc_helpers",
]

[[package]]
name = "day06"
version = "0.1.0"
dependencies = [
 "rdcl_aoc_helpers",
]

[[package]]
name = "day07"
version = "0.1.0"
dependencies = [
 "rdcl_aoc_helpers",
]

[[package]]
name = "day08"
version = "0.1.0"
dependencies = [
 "rdcl_aoc_helpers",
]

[[package]]
name = "day09"
version = "0.1.0"
dependencies = [
 "rdcl_aoc_helpers",
]

[[package]]
name = "day10"
version = "0.1.0"
dependencies = [
 "hex",
 "rdcl_aoc_helpers",
]

[[package]]
name = "day11"
version = "0.1.0"
dependencies = [
 "rdcl_aoc_helpers",
]

[[package]]
name = "day12"
version = "0.1.0"
dependencies = [
 "rdcl_aoc_helpers",
]

[[package]]
name = "day13"
version = "0.1.0"
dependencies = [
 "rdcl_aoc_helpers",
 "termion",
]

[[package]]
name = "hex"
version = "0.4.2"
source = "registry+https://github.com/rust-lang/crates.io-index"
checksum = "644f9158b2f133fd50f5fb3242878846d9eb792e445c893805ff0e3824006e35"

[[package]]
name = "libc"
version = "0.2.82"
source = "registry+https://github.com/rust-lang/crates.io-index"
checksum = "89203f3fba0a3795506acaad8ebce3c80c0af93f994d5a1d7a0b1eeb23271929"

[[package]]
name = "numtoa"
version = "0.1.0"
source = "registry+https://github.com/rust-lang/crates.io-index"
checksum = "b8f8bdf33df195859076e54ab11ee78a1b208382d3a26ec40d142ffc1ecc49ef"

[[package]]
name = "rdcl_aoc_helpers"
version = "0.6.1"
source = "registry+https://github.com/rust-lang/crates.io-index"
checksum = "4ba80a34bbbdcc41036a66d6f2597fb810b473ed077f6c466f16d6b277eb87aa"

[[package]]
name = "redox_syscall"
version = "0.1.57"
source = "registry+https://github.com/rust-lang/crates.io-index"
checksum = "41cc0f7e4d5d4544e8861606a285bb08d3e70712ccc7d2b84d7c0ccfaf4b05ce"

[[package]]
name = "redox_termios"
version = "0.1.1"
source = "registry+https://github.com/rust-lang/crates.io-index"
checksum = "7e891cfe48e9100a70a3b6eb652fef28920c117d366339687bd5576160db0f76"
dependencies = [
 "redox_syscall",
]

[[package]]
name = "termion"
version = "1.5.5"
source = "registry+https://github.com/rust-lang/crates.io-index"
checksum = "c22cec9d8978d906be5ac94bceb5a010d885c626c4c8855721a4dbd20e3ac905"
dependencies = [
 "libc",
 "numtoa",
 "redox_syscall",
 "redox_termios",
]
