# This file is automatically @generated by Cargo.
# It is not intended for manual editing.
[[package]]
name = "aho-corasick"
version = "0.7.15"
source = "registry+https://github.com/rust-lang/crates.io-index"
checksum = "7404febffaa47dac81aa44dba71523c9d069b1bdc50a77db41195149e17f68e5"
dependencies = [
 "memchr",
]

[[package]]
name = "bit-set"
version = "0.5.2"
source = "registry+https://github.com/rust-lang/crates.io-index"
checksum = "6e11e16035ea35e4e5997b393eacbf6f63983188f7a2ad25bfb13465f5ad59de"
dependencies = [
 "bit-vec",
]

[[package]]
name = "bit-vec"
version = "0.6.3"
source = "registry+https://github.com/rust-lang/crates.io-index"
checksum = "349f9b6a179ed607305526ca489b34ad0a41aed5f7980fa90eb03160b69598fb"

[[package]]
name = "day01"
version = "0.1.0"
dependencies = [
 "rdcl_aoc_helpers",
]

[[package]]
name = "day02"
version = "0.1.0"
dependencies = [
 "rdcl_aoc_helpers",
]

[[package]]
name = "day03"
version = "0.1.0"
dependencies = [
 "rdcl_aoc_helpers",
]

[[package]]
name = "day04"
version = "0.1.0"
dependencies = [
 "md5",
 "rdcl_aoc_helpers",
]

[[package]]
name = "day05"
version = "0.1.0"
dependencies = [
 "fancy-regex",
 "lazy_static",
 "rdcl_aoc_helpers",
]

[[package]]
name = "day06"
version = "0.1.0"
dependencies = [
 "rdcl_aoc_helpers",
]

[[package]]
name = "day07"
version = "0.1.0"
dependencies = [
 "rdcl_aoc_helpers",
]

[[package]]
name = "day08"
version = "0.1.0"
dependencies = [
 "rdcl_aoc_helpers",
]

[[package]]
name = "day09"
version = "0.1.0"
dependencies = [
 "rdcl_aoc_helpers",
 "shared",
]

[[package]]
name = "day10"
version = "0.1.0"
dependencies = [
 "rdcl_aoc_helpers",
]

[[package]]
name = "day11"
version = "0.1.0"
dependencies = [
 "rdcl_aoc_helpers",
]

[[package]]
name = "day12"
version = "0.1.0"
dependencies = [
 "json",
 "rdcl_aoc_helpers",
]

[[package]]
name = "day13"
version = "0.1.0"
dependencies = [
 "rdcl_aoc_helpers",
 "shared",
]

[[package]]
name = "day14"
version = "0.1.0"
dependencies = [
 "rdcl_aoc_helpers",
]

[[package]]
name = "day15"
version = "0.1.0"
dependencies = [
 "rdcl_aoc_helpers",
]

[[package]]
name = "day16"
version = "0.1.0"
dependencies = [
 "rdcl_aoc_helpers",
]

[[package]]
name = "day17"
version = "0.1.0"
dependencies = [
 "rdcl_aoc_helpers",
]

[[package]]
name = "day18"
version = "0.1.0"
dependencies = [
 "rdcl_aoc_helpers",
]

[[package]]
name = "day19"
version = "0.1.0"
dependencies = [
 "rdcl_aoc_helpers",
]

[[package]]
name = "day20"
version = "0.1.0"
dependencies = [
 "rdcl_aoc_helpers",
]

[[package]]
name = "day21"
version = "0.1.0"
dependencies = [
 "rdcl_aoc_helpers",
]

[[package]]
name = "day22"
version = "0.1.0"
dependencies = [
 "rdcl_aoc_helpers",
]

[[package]]
name = "day23"
version = "0.1.0"
dependencies = [
 "rdcl_aoc_helpers",
]

[[package]]
name = "day24"
version = "0.1.0"
dependencies = [
 "rdcl_aoc_helpers",
]

[[package]]
name = "fancy-regex"
version = "0.4.1"
source = "registry+https://github.com/rust-lang/crates.io-index"
checksum = "36996e5f56f32ca51a937f325094fa450b32df871af1a89be331b7145b931bfc"
dependencies = [
 "bit-set",
 "regex",
]

[[package]]
name = "json"
version = "0.12.4"
source = "registry+https://github.com/rust-lang/crates.io-index"
checksum = "078e285eafdfb6c4b434e0d31e8cfcb5115b651496faca5749b88fafd4f23bfd"

[[package]]
name = "lazy_static"
version = "1.4.0"
source = "registry+https://github.com/rust-lang/crates.io-index"
checksum = "e2abad23fbc42b3700f2f279844dc832adb2b2eb069b2df918f455c4e18cc646"

[[package]]
name = "md5"
version = "0.7.0"
source = "registry+https://github.com/rust-lang/crates.io-index"
checksum = "490cc448043f947bae3cbee9c203358d62dbee0db12107a74be5c30ccfd09771"

[[package]]
name = "memchr"
version = "2.3.4"
source = "registry+https://github.com/rust-lang/crates.io-index"
checksum = "0ee1c47aaa256ecabcaea351eae4a9b01ef39ed810004e298d2511ed284b1525"

[[package]]
name = "rdcl_aoc_helpers"
version = "0.2.4"
source = "registry+https://github.com/rust-lang/crates.io-index"
checksum = "9600a03d5158c92801e3f2a47db0200627d8bf397395c11323c70d8a58cbc14f"

[[package]]
name = "regex"
version = "1.4.2"
source = "registry+https://github.com/rust-lang/crates.io-index"
checksum = "38cf2c13ed4745de91a5eb834e11c00bcc3709e773173b2ce4c56c9fbde04b9c"
dependencies = [
 "aho-corasick",
 "memchr",
 "regex-syntax",
 "thread_local",
]

[[package]]
name = "regex-syntax"
version = "0.6.21"
source = "registry+https://github.com/rust-lang/crates.io-index"
checksum = "3b181ba2dcf07aaccad5448e8ead58db5b742cf85dfe035e2227f137a539a189"

[[package]]
name = "shared"
version = "0.1.0"
dependencies = [
 "rdcl_aoc_helpers",
]

[[package]]
name = "thread_local"
version = "1.0.1"
source = "registry+https://github.com/rust-lang/crates.io-index"
checksum = "d40c6d1b69745a6ec6fb1ca717914848da4b44ae29d9b3080cbee91d72a69b14"
dependencies = [
 "lazy_static",
]
