# This file is automatically @generated by Cargo.
# It is not intended for manual editing.
version = 3

[[package]]
name = "aho-corasick"
version = "0.7.18"
source = "registry+https://github.com/rust-lang/crates.io-index"
checksum = "1e37cfd5e7657ada45f742d6e99ca5788580b5c529dc78faf11ece6dc702656f"
dependencies = [
 "memchr",
]

[[package]]
name = "day01"
version = "0.1.0"
dependencies = [
 "rdcl_aoc_helpers",
]

[[package]]
name = "day02"
version = "0.1.0"
dependencies = [
 "rdcl_aoc_helpers",
]

[[package]]
name = "day03"
version = "0.1.0"
dependencies = [
 "rdcl_aoc_helpers",
]

[[package]]
name = "day04"
version = "0.1.0"
dependencies = [
 "rdcl_aoc_helpers",
 "regex",
]

[[package]]
name = "day05"
version = "0.1.0"
dependencies = [
 "rdcl_aoc_helpers",
]

[[package]]
name = "day06"
version = "0.1.0"
dependencies = [
 "rdcl_aoc_helpers",
]

[[package]]
name = "day07"
version = "0.1.0"
dependencies = [
 "rdcl_aoc_helpers",
]

[[package]]
name = "day08"
version = "0.1.0"
dependencies = [
 "rdcl_aoc_helpers",
]

[[package]]
name = "day09"
version = "0.1.0"
dependencies = [
 "rdcl_aoc_helpers",
]

[[package]]
name = "day10"
version = "0.1.0"
dependencies = [
 "rdcl_aoc_helpers",
]

[[package]]
name = "day11"
version = "0.1.0"
dependencies = [
 "rdcl_aoc_helpers",
]

[[package]]
name = "day12"
version = "0.1.0"
dependencies = [
 "rdcl_aoc_helpers",
]

[[package]]
name = "day13"
version = "0.1.0"
dependencies = [
 "rdcl_aoc_helpers",
]

[[package]]
name = "day14"
version = "0.1.0"
dependencies = [
 "rdcl_aoc_helpers",
]

[[package]]
name = "day15"
version = "0.1.0"
dependencies = [
 "rdcl_aoc_helpers",
]

[[package]]
name = "day16"
version = "0.1.0"
dependencies = [
 "rdcl_aoc_helpers",
]

[[package]]
name = "day17"
version = "0.1.0"
dependencies = [
 "rdcl_aoc_helpers",
]

[[package]]
name = "day18"
version = "0.1.0"
dependencies = [
 "rdcl_aoc_helpers",
]

[[package]]
name = "day19"
version = "0.1.0"
dependencies = [
 "rdcl_aoc_helpers",
]

[[package]]
name = "day20"
version = "0.1.0"
dependencies = [
 "rdcl_aoc_helpers",
]

[[package]]
name = "day21"
version = "0.1.0"
dependencies = [
 "rdcl_aoc_helpers",
]

[[package]]
name = "day22"
version = "0.1.0"
dependencies = [
 "rdcl_aoc_helpers",
]

[[package]]
name = "day23"
version = "0.1.0"
dependencies = [
 "rdcl_aoc_helpers",
]

[[package]]
name = "day24"
version = "0.1.0"
dependencies = [
 "rdcl_aoc_helpers",
]

[[package]]
name = "day25"
version = "0.1.0"
dependencies = [
 "rdcl_aoc_helpers",
]

[[package]]
name = "memchr"
version = "2.4.1"
source = "registry+https://github.com/rust-lang/crates.io-index"
checksum = "308cc39be01b73d0d18f82a0e7b2a3df85245f84af96fdddc5d202d27e47b86a"

[[package]]
name = "rdcl_aoc_helpers"
version = "0.8.1"
source = "registry+https://github.com/rust-lang/crates.io-index"
checksum = "961a82997b6840c691d2e4b718927aa35ebc0c5f709771da4985b7f88146c777"

[[package]]
name = "regex"
version = "1.5.4"
source = "registry+https://github.com/rust-lang/crates.io-index"
checksum = "d07a8629359eb56f1e2fb1652bb04212c072a87ba68546a04065d525673ac461"
dependencies = [
 "aho-corasick",
 "memchr",
 "regex-syntax",
]

[[package]]
name = "regex-syntax"
version = "0.6.25"
source = "registry+https://github.com/rust-lang/crates.io-index"
checksum = "f497285884f3fcff424ffc933e56d7cbca511def0c9831a7f9b5f6153e3cc89b"
