
Microsoft Visual Studio Solution File, Format Version 12.00
# Visual Studio Version 16
VisualStudioVersion = 16.0.30114.105
MinimumVisualStudioVersion = 10.0.40219.1
Project("{FAE04EC0-301F-11D3-BF4B-00C04F79EFBC}") = "Day01", "Day01\Day01.csproj", "{17BE3221-958F-4E53-A7C3-B017A901EFA4}"
EndProject
Project("{FAE04EC0-301F-11D3-BF4B-00C04F79EFBC}") = "Day01.Test", "Day01.Test\Day01.Test.csproj", "{85982F8D-6E5A-426D-9DCC-3EF081391A77}"
EndProject
Project("{FAE04EC0-301F-11D3-BF4B-00C04F79EFBC}") = "Day02", "Day02\Day02.csproj", "{03ED5524-7EDE-4EBC-ACA8-D55A274A9E80}"
EndProject
Project("{FAE04EC0-301F-11D3-BF4B-00C04F79EFBC}") = "Day02.Test", "Day02.Test\Day02.Test.csproj", "{199EC1EA-1404-4F2C-B825-7AFD8B29E959}"
EndProject
Project("{FAE04EC0-301F-11D3-BF4B-00C04F79EFBC}") = "Day03", "Day03\Day03.csproj", "{3343FA19-27CC-477B-9368-61F28653745A}"
EndProject
Project("{FAE04EC0-301F-11D3-BF4B-00C04F79EFBC}") = "Day03.Test", "Day03.Test\Day03.Test.csproj", "{49B08329-CF11-4FA5-B433-FA5BC2752633}"
EndProject
Project("{FAE04EC0-301F-11D3-BF4B-00C04F79EFBC}") = "Day04", "Day04\Day04.csproj", "{6E4D282A-19E8-42C0-86E0-6C4196547953}"
EndProject
Project("{FAE04EC0-301F-11D3-BF4B-00C04F79EFBC}") = "Day04.Test", "Day04.Test\Day04.Test.csproj", "{E0F8BBC9-67F4-4BAA-ADFC-F77DD1CD459F}"
EndProject
Project("{FAE04EC0-301F-11D3-BF4B-00C04F79EFBC}") = "Day05", "Day05\Day05.csproj", "{9F7651B0-3095-405B-810B-BC13E2C9D976}"
EndProject
Project("{FAE04EC0-301F-11D3-BF4B-00C04F79EFBC}") = "Day05.Test", "Day05.Test\Day05.Test.csproj", "{0240F2ED-EFE1-49BE-99B7-E9AD243666AA}"
EndProject
Global
	GlobalSection(SolutionConfigurationPlatforms) = preSolution
		Debug|Any CPU = Debug|Any CPU
		Release|Any CPU = Release|Any CPU
	EndGlobalSection
	GlobalSection(SolutionProperties) = preSolution
		HideSolutionNode = FALSE
	EndGlobalSection
	GlobalSection(ProjectConfigurationPlatforms) = postSolution
		{17BE3221-958F-4E53-A7C3-B017A901EFA4}.Debug|Any CPU.ActiveCfg = Debug|Any CPU
		{17BE3221-958F-4E53-A7C3-B017A901EFA4}.Debug|Any CPU.Build.0 = Debug|Any CPU
		{17BE3221-958F-4E53-A7C3-B017A901EFA4}.Release|Any CPU.ActiveCfg = Release|Any CPU
		{17BE3221-958F-4E53-A7C3-B017A901EFA4}.Release|Any CPU.Build.0 = Release|Any CPU
		{85982F8D-6E5A-426D-9DCC-3EF081391A77}.Debug|Any CPU.ActiveCfg = Debug|Any CPU
		{85982F8D-6E5A-426D-9DCC-3EF081391A77}.Debug|Any CPU.Build.0 = Debug|Any CPU
		{85982F8D-6E5A-426D-9DCC-3EF081391A77}.Release|Any CPU.ActiveCfg = Release|Any CPU
		{85982F8D-6E5A-426D-9DCC-3EF081391A77}.Release|Any CPU.Build.0 = Release|Any CPU
		{03ED5524-7EDE-4EBC-ACA8-D55A274A9E80}.Debug|Any CPU.ActiveCfg = Debug|Any CPU
		{03ED5524-7EDE-4EBC-ACA8-D55A274A9E80}.Debug|Any CPU.Build.0 = Debug|Any CPU
		{03ED5524-7EDE-4EBC-ACA8-D55A274A9E80}.Release|Any CPU.ActiveCfg = Release|Any CPU
		{03ED5524-7EDE-4EBC-ACA8-D55A274A9E80}.Release|Any CPU.Build.0 = Release|Any CPU
		{199EC1EA-1404-4F2C-B825-7AFD8B29E959}.Debug|Any CPU.ActiveCfg = Debug|Any CPU
		{199EC1EA-1404-4F2C-B825-7AFD8B29E959}.Debug|Any CPU.Build.0 = Debug|Any CPU
		{199EC1EA-1404-4F2C-B825-7AFD8B29E959}.Release|Any CPU.ActiveCfg = Release|Any CPU
		{199EC1EA-1404-4F2C-B825-7AFD8B29E959}.Release|Any CPU.Build.0 = Release|Any CPU
		{3343FA19-27CC-477B-9368-61F28653745A}.Debug|Any CPU.ActiveCfg = Debug|Any CPU
		{3343FA19-27CC-477B-9368-61F28653745A}.Debug|Any CPU.Build.0 = Debug|Any CPU
		{3343FA19-27CC-477B-9368-61F28653745A}.Release|Any CPU.ActiveCfg = Release|Any CPU
		{3343FA19-27CC-477B-9368-61F28653745A}.Release|Any CPU.Build.0 = Release|Any CPU
		{49B08329-CF11-4FA5-B433-FA5BC2752633}.Debug|Any CPU.ActiveCfg = Debug|Any CPU
		{49B08329-CF11-4FA5-B433-FA5BC2752633}.Debug|Any CPU.Build.0 = Debug|Any CPU
		{49B08329-CF11-4FA5-B433-FA5BC2752633}.Release|Any CPU.ActiveCfg = Release|Any CPU
		{49B08329-CF11-4FA5-B433-FA5BC2752633}.Release|Any CPU.Build.0 = Release|Any CPU
		{6E4D282A-19E8-42C0-86E0-6C4196547953}.Debug|Any CPU.ActiveCfg = Debug|Any CPU
		{6E4D282A-19E8-42C0-86E0-6C4196547953}.Debug|Any CPU.Build.0 = Debug|Any CPU
		{6E4D282A-19E8-42C0-86E0-6C4196547953}.Release|Any CPU.ActiveCfg = Release|Any CPU
		{6E4D282A-19E8-42C0-86E0-6C4196547953}.Release|Any CPU.Build.0 = Release|Any CPU
		{E0F8BBC9-67F4-4BAA-ADFC-F77DD1CD459F}.Debug|Any CPU.ActiveCfg = Debug|Any CPU
		{E0F8BBC9-67F4-4BAA-ADFC-F77DD1CD459F}.Debug|Any CPU.Build.0 = Debug|Any CPU
		{E0F8BBC9-67F4-4BAA-ADFC-F77DD1CD459F}.Release|Any CPU.ActiveCfg = Release|Any CPU
		{E0F8BBC9-67F4-4BAA-ADFC-F77DD1CD459F}.Release|Any CPU.Build.0 = Release|Any CPU
		{9F7651B0-3095-405B-810B-BC13E2C9D976}.Debug|Any CPU.ActiveCfg = Debug|Any CPU
		{9F7651B0-3095-405B-810B-BC13E2C9D976}.Debug|Any CPU.Build.0 = Debug|Any CPU
		{9F7651B0-3095-405B-810B-BC13E2C9D976}.Release|Any CPU.ActiveCfg = Release|Any CPU
		{9F7651B0-3095-405B-810B-BC13E2C9D976}.Release|Any CPU.Build.0 = Release|Any CPU
		{0240F2ED-EFE1-49BE-99B7-E9AD243666AA}.Debug|Any CPU.ActiveCfg = Debug|Any CPU
		{0240F2ED-EFE1-49BE-99B7-E9AD243666AA}.Debug|Any CPU.Build.0 = Debug|Any CPU
		{0240F2ED-EFE1-49BE-99B7-E9AD243666AA}.Release|Any CPU.ActiveCfg = Release|Any CPU
		{0240F2ED-EFE1-49BE-99B7-E9AD243666AA}.Release|Any CPU.Build.0 = Release|Any CPU
	EndGlobalSection
EndGlobal
