
Microsoft Visual Studio Solution File, Format Version 12.00
# Visual Studio Version 16
VisualStudioVersion = 16.0.30114.105
MinimumVisualStudioVersion = 10.0.40219.1
Project("{FAE04EC0-301F-11D3-BF4B-00C04F79EFBC}") = "Day01", "Day01\Day01.csproj", "{17BE3221-958F-4E53-A7C3-B017A901EFA4}"
EndProject
Project("{FAE04EC0-301F-11D3-BF4B-00C04F79EFBC}") = "Day02", "Day02\Day02.csproj", "{89DB0E9F-3EA8-4F64-9E6A-59D15F34B8B7}"
EndProject
Project("{FAE04EC0-301F-11D3-BF4B-00C04F79EFBC}") = "Day03", "Day03\Day03.csproj", "{A1D95B60-D389-4454-83EE-AEC42699FE27}"
EndProject
Project("{FAE04EC0-301F-11D3-BF4B-00C04F79EFBC}") = "Day04", "Day04\Day04.csproj", "{18ABFF62-76D3-4225-8108-3981ECB9C034}"
EndProject
Project("{FAE04EC0-301F-11D3-BF4B-00C04F79EFBC}") = "Day05", "Day05\Day05.csproj", "{ED6173D4-C796-40FF-A0CE-55DAEFD962A9}"
EndProject
Project("{FAE04EC0-301F-11D3-BF4B-00C04F79EFBC}") = "Day06", "Day06\Day06.csproj", "{EB3166D0-5242-49D1-BDDE-00116BF4368B}"
EndProject
Global
	GlobalSection(SolutionConfigurationPlatforms) = preSolution
		Debug|Any CPU = Debug|Any CPU
		Release|Any CPU = Release|Any CPU
	EndGlobalSection
	GlobalSection(SolutionProperties) = preSolution
		HideSolutionNode = FALSE
	EndGlobalSection
	GlobalSection(ProjectConfigurationPlatforms) = postSolution
		{17BE3221-958F-4E53-A7C3-B017A901EFA4}.Debug|Any CPU.ActiveCfg = Debug|Any CPU
		{17BE3221-958F-4E53-A7C3-B017A901EFA4}.Debug|Any CPU.Build.0 = Debug|Any CPU
		{17BE3221-958F-4E53-A7C3-B017A901EFA4}.Release|Any CPU.ActiveCfg = Release|Any CPU
		{17BE3221-958F-4E53-A7C3-B017A901EFA4}.Release|Any CPU.Build.0 = Release|Any CPU
		{89DB0E9F-3EA8-4F64-9E6A-59D15F34B8B7}.Debug|Any CPU.ActiveCfg = Debug|Any CPU
		{89DB0E9F-3EA8-4F64-9E6A-59D15F34B8B7}.Debug|Any CPU.Build.0 = Debug|Any CPU
		{89DB0E9F-3EA8-4F64-9E6A-59D15F34B8B7}.Release|Any CPU.ActiveCfg = Release|Any CPU
		{89DB0E9F-3EA8-4F64-9E6A-59D15F34B8B7}.Release|Any CPU.Build.0 = Release|Any CPU
		{A1D95B60-D389-4454-83EE-AEC42699FE27}.Debug|Any CPU.ActiveCfg = Debug|Any CPU
		{A1D95B60-D389-4454-83EE-AEC42699FE27}.Debug|Any CPU.Build.0 = Debug|Any CPU
		{A1D95B60-D389-4454-83EE-AEC42699FE27}.Release|Any CPU.ActiveCfg = Release|Any CPU
		{A1D95B60-D389-4454-83EE-AEC42699FE27}.Release|Any CPU.Build.0 = Release|Any CPU
		{18ABFF62-76D3-4225-8108-3981ECB9C034}.Debug|Any CPU.ActiveCfg = Debug|Any CPU
		{18ABFF62-76D3-4225-8108-3981ECB9C034}.Debug|Any CPU.Build.0 = Debug|Any CPU
		{18ABFF62-76D3-4225-8108-3981ECB9C034}.Release|Any CPU.ActiveCfg = Release|Any CPU
		{18ABFF62-76D3-4225-8108-3981ECB9C034}.Release|Any CPU.Build.0 = Release|Any CPU
		{ED6173D4-C796-40FF-A0CE-55DAEFD962A9}.Debug|Any CPU.ActiveCfg = Debug|Any CPU
		{ED6173D4-C796-40FF-A0CE-55DAEFD962A9}.Debug|Any CPU.Build.0 = Debug|Any CPU
		{ED6173D4-C796-40FF-A0CE-55DAEFD962A9}.Release|Any CPU.ActiveCfg = Release|Any CPU
		{ED6173D4-C796-40FF-A0CE-55DAEFD962A9}.Release|Any CPU.Build.0 = Release|Any CPU
		{EB3166D0-5242-49D1-BDDE-00116BF4368B}.Debug|Any CPU.ActiveCfg = Debug|Any CPU
		{EB3166D0-5242-49D1-BDDE-00116BF4368B}.Debug|Any CPU.Build.0 = Debug|Any CPU
		{EB3166D0-5242-49D1-BDDE-00116BF4368B}.Release|Any CPU.ActiveCfg = Release|Any CPU
		{EB3166D0-5242-49D1-BDDE-00116BF4368B}.Release|Any CPU.Build.0 = Release|Any CPU
	EndGlobalSection
EndGlobal
