
Microsoft Visual Studio Solution File, Format Version 12.00
# Visual Studio Version 16
VisualStudioVersion = 16.0.30114.105
MinimumVisualStudioVersion = 10.0.40219.1
Project("{FAE04EC0-301F-11D3-BF4B-00C04F79EFBC}") = "Shared", "Shared\Shared.csproj", "{45B003BF-33EB-48FD-88B9-0BDEA050A90B}"
EndProject
Project("{2150E333-8FDC-42A3-9474-1A3956D46DE8}") = "Day01", "Day01", "{BDFCA23C-C879-48E5-87BC-F732B7CBA3F4}"
EndProject
Project("{FAE04EC0-301F-11D3-BF4B-00C04F79EFBC}") = "Day01", "Day01\Day01\Day01.csproj", "{E4CD6304-31CF-4EAD-B1C6-F2D760CAD67E}"
EndProject
Project("{FAE04EC0-301F-11D3-BF4B-00C04F79EFBC}") = "Day01.Test", "Day01\Day01.Test\Day01.Test.csproj", "{527F0505-4206-4D8B-BD0C-43E53554B4BB}"
EndProject
Project("{2150E333-8FDC-42A3-9474-1A3956D46DE8}") = "Day02", "Day02", "{30751F6C-F67B-4FEF-BA9A-C378FBDA4C06}"
EndProject
Project("{FAE04EC0-301F-11D3-BF4B-00C04F79EFBC}") = "Day02", "Day02\Day02\Day02.csproj", "{B211907E-8F4E-4F18-8C3A-D58505489E98}"
EndProject
Project("{FAE04EC0-301F-11D3-BF4B-00C04F79EFBC}") = "Day02.Test", "Day02\Day02.Test\Day02.Test.csproj", "{B0B4971A-304B-4864-AAF9-34190E96436F}"
EndProject
Project("{2150E333-8FDC-42A3-9474-1A3956D46DE8}") = "Day03", "Day03", "{3296A863-88AB-4A20-A980-FD14E908A619}"
EndProject
Project("{FAE04EC0-301F-11D3-BF4B-00C04F79EFBC}") = "Day03", "Day03\Day03\Day03.csproj", "{42BD0AB5-235E-4DF4-A137-9996B0B0FE63}"
EndProject
Project("{FAE04EC0-301F-11D3-BF4B-00C04F79EFBC}") = "Day03.Test", "Day03\Day03.Test\Day03.Test.csproj", "{5BE9559E-1B1B-4083-8C3C-2D68C16555C9}"
EndProject
Project("{2150E333-8FDC-42A3-9474-1A3956D46DE8}") = "Day04", "Day04", "{9D2B1E0E-900E-4A84-8144-CFEA7955174C}"
EndProject
Project("{FAE04EC0-301F-11D3-BF4B-00C04F79EFBC}") = "Day04", "Day04\Day04\Day04.csproj", "{3EFF5DBF-6C77-4B3D-8F5C-7C05D6FB00E2}"
EndProject
Project("{FAE04EC0-301F-11D3-BF4B-00C04F79EFBC}") = "Day04.Test", "Day04\Day04.Test\Day04.Test.csproj", "{BF6C4B9D-77F5-4E07-A422-D6E3A9690F07}"
EndProject
Project("{2150E333-8FDC-42A3-9474-1A3956D46DE8}") = "Day05", "Day05", "{D637CCFA-C41D-4902-93DE-07D2432287CD}"
EndProject
Project("{FAE04EC0-301F-11D3-BF4B-00C04F79EFBC}") = "Day05", "Day05\Day05\Day05.csproj", "{3DB3EF7A-5F2E-4896-AFA3-3ED971D51736}"
EndProject
Project("{FAE04EC0-301F-11D3-BF4B-00C04F79EFBC}") = "Day05.Test", "Day05\Day05.Test\Day05.Test.csproj", "{4343094E-A8E4-4757-91B8-F64F8F207BED}"
EndProject
Project("{2150E333-8FDC-42A3-9474-1A3956D46DE8}") = "Day06", "Day06", "{F31ABEEB-9271-4322-B20D-D284625D6DBE}"
EndProject
Project("{FAE04EC0-301F-11D3-BF4B-00C04F79EFBC}") = "Day06", "Day06\Day06\Day06.csproj", "{6B78966B-EFCA-4938-BDCB-55208EAEC1B3}"
EndProject
Project("{FAE04EC0-301F-11D3-BF4B-00C04F79EFBC}") = "Day06.Test", "Day06\Day06.Test\Day06.Test.csproj", "{F121AE24-E526-47C8-BEFE-3CF777010C18}"
EndProject
Project("{2150E333-8FDC-42A3-9474-1A3956D46DE8}") = "Day07", "Day07", "{B69F39D1-BAB1-441A-AEC9-78970ED620F3}"
EndProject
Project("{FAE04EC0-301F-11D3-BF4B-00C04F79EFBC}") = "Day07", "Day07\Day07\Day07.csproj", "{F38A69D7-D15C-4DE4-8826-D765003B9A09}"
EndProject
Project("{FAE04EC0-301F-11D3-BF4B-00C04F79EFBC}") = "Day07.Test", "Day07\Day07.Test\Day07.Test.csproj", "{59BD7DB5-5DD9-4559-AD98-3832F3E1D5F6}"
EndProject
Project("{2150E333-8FDC-42A3-9474-1A3956D46DE8}") = "Day08", "Day08", "{CE9FCEB2-FD7B-48E3-9C00-71FD3E3F54AE}"
EndProject
Project("{FAE04EC0-301F-11D3-BF4B-00C04F79EFBC}") = "Day08", "Day08\Day08\Day08.csproj", "{5C553CA7-034C-41BB-86A6-A1AFDFD4D397}"
EndProject
Project("{FAE04EC0-301F-11D3-BF4B-00C04F79EFBC}") = "Day08.Test", "Day08\Day08.Test\Day08.Test.csproj", "{AF95EB01-CDBC-40D8-A6B3-EE0A5273C8D2}"
EndProject
Project("{2150E333-8FDC-42A3-9474-1A3956D46DE8}") = "Day09", "Day09", "{1A9FA8EF-3742-4223-948C-138E2D10D9F3}"
EndProject
Project("{FAE04EC0-301F-11D3-BF4B-00C04F79EFBC}") = "Day09", "Day09\Day09\Day09.csproj", "{C1134B51-417E-4DA1-93C4-5F04B6AA58FE}"
EndProject
Project("{FAE04EC0-301F-11D3-BF4B-00C04F79EFBC}") = "Day09.Test", "Day09\Day09.Test\Day09.Test.csproj", "{18095629-E0F1-4387-92DD-4F2A5A3B51A5}"
EndProject
Project("{2150E333-8FDC-42A3-9474-1A3956D46DE8}") = "Day10", "Day10", "{CDED5924-77C0-41F3-B1E1-BCDF0DDB9BFE}"
EndProject
Project("{FAE04EC0-301F-11D3-BF4B-00C04F79EFBC}") = "Day10", "Day10\Day10\Day10.csproj", "{99AA4519-8849-4253-8CEC-E05BB3C613DE}"
EndProject
Project("{FAE04EC0-301F-11D3-BF4B-00C04F79EFBC}") = "Day10.Test", "Day10\Day10.Test\Day10.Test.csproj", "{ABB6EBB9-7D84-497F-AC99-55B6E5EFA273}"
EndProject
Project("{2150E333-8FDC-42A3-9474-1A3956D46DE8}") = "Day11", "Day11", "{BC73E4E4-9370-4536-948F-12013C2D6F06}"
EndProject
Project("{FAE04EC0-301F-11D3-BF4B-00C04F79EFBC}") = "Day11", "Day11\Day11\Day11.csproj", "{E9252C7E-2F05-4B2E-B05B-2DFA55CA4DD8}"
EndProject
Project("{FAE04EC0-301F-11D3-BF4B-00C04F79EFBC}") = "Day11.Test", "Day11\Day11.Test\Day11.Test.csproj", "{0D60A2B0-6169-4DAE-A701-6BE9835D2042}"
EndProject
Project("{2150E333-8FDC-42A3-9474-1A3956D46DE8}") = "Day12", "Day12", "{7F804219-54B2-4A99-B8BE-BDA118432C02}"
EndProject
Project("{FAE04EC0-301F-11D3-BF4B-00C04F79EFBC}") = "Day12", "Day12\Day12\Day12.csproj", "{D33A2908-F2A6-4B04-8961-9A1338950762}"
EndProject
Project("{FAE04EC0-301F-11D3-BF4B-00C04F79EFBC}") = "Day12.Test", "Day12\Day12.Test\Day12.Test.csproj", "{7E1E0E74-04D3-4DC9-82E6-407435D4C1AF}"
EndProject
Project("{2150E333-8FDC-42A3-9474-1A3956D46DE8}") = "Day13", "Day13", "{22440F2F-BB9C-4707-B9C6-82AEB51F9A41}"
EndProject
Project("{FAE04EC0-301F-11D3-BF4B-00C04F79EFBC}") = "Day13", "Day13\Day13\Day13.csproj", "{F4CBD301-F44F-4280-934A-C4E076C0C8D1}"
EndProject
Project("{FAE04EC0-301F-11D3-BF4B-00C04F79EFBC}") = "Day13.Test", "Day13\Day13.Test\Day13.Test.csproj", "{B309FADB-7B28-4605-8EF5-4AEA570CDC24}"
EndProject
Global
	GlobalSection(SolutionConfigurationPlatforms) = preSolution
		Debug|Any CPU = Debug|Any CPU
		Release|Any CPU = Release|Any CPU
	EndGlobalSection
	GlobalSection(SolutionProperties) = preSolution
		HideSolutionNode = FALSE
	EndGlobalSection
	GlobalSection(ProjectConfigurationPlatforms) = postSolution
		{45B003BF-33EB-48FD-88B9-0BDEA050A90B}.Debug|Any CPU.ActiveCfg = Debug|Any CPU
		{45B003BF-33EB-48FD-88B9-0BDEA050A90B}.Debug|Any CPU.Build.0 = Debug|Any CPU
		{45B003BF-33EB-48FD-88B9-0BDEA050A90B}.Release|Any CPU.ActiveCfg = Release|Any CPU
		{45B003BF-33EB-48FD-88B9-0BDEA050A90B}.Release|Any CPU.Build.0 = Release|Any CPU
		{E4CD6304-31CF-4EAD-B1C6-F2D760CAD67E}.Debug|Any CPU.ActiveCfg = Debug|Any CPU
		{E4CD6304-31CF-4EAD-B1C6-F2D760CAD67E}.Debug|Any CPU.Build.0 = Debug|Any CPU
		{E4CD6304-31CF-4EAD-B1C6-F2D760CAD67E}.Release|Any CPU.ActiveCfg = Release|Any CPU
		{E4CD6304-31CF-4EAD-B1C6-F2D760CAD67E}.Release|Any CPU.Build.0 = Release|Any CPU
		{527F0505-4206-4D8B-BD0C-43E53554B4BB}.Debug|Any CPU.ActiveCfg = Debug|Any CPU
		{527F0505-4206-4D8B-BD0C-43E53554B4BB}.Debug|Any CPU.Build.0 = Debug|Any CPU
		{527F0505-4206-4D8B-BD0C-43E53554B4BB}.Release|Any CPU.ActiveCfg = Release|Any CPU
		{527F0505-4206-4D8B-BD0C-43E53554B4BB}.Release|Any CPU.Build.0 = Release|Any CPU
		{B211907E-8F4E-4F18-8C3A-D58505489E98}.Debug|Any CPU.ActiveCfg = Debug|Any CPU
		{B211907E-8F4E-4F18-8C3A-D58505489E98}.Debug|Any CPU.Build.0 = Debug|Any CPU
		{B211907E-8F4E-4F18-8C3A-D58505489E98}.Release|Any CPU.ActiveCfg = Release|Any CPU
		{B211907E-8F4E-4F18-8C3A-D58505489E98}.Release|Any CPU.Build.0 = Release|Any CPU
		{B0B4971A-304B-4864-AAF9-34190E96436F}.Debug|Any CPU.ActiveCfg = Debug|Any CPU
		{B0B4971A-304B-4864-AAF9-34190E96436F}.Debug|Any CPU.Build.0 = Debug|Any CPU
		{B0B4971A-304B-4864-AAF9-34190E96436F}.Release|Any CPU.ActiveCfg = Release|Any CPU
		{B0B4971A-304B-4864-AAF9-34190E96436F}.Release|Any CPU.Build.0 = Release|Any CPU
		{42BD0AB5-235E-4DF4-A137-9996B0B0FE63}.Debug|Any CPU.ActiveCfg = Debug|Any CPU
		{42BD0AB5-235E-4DF4-A137-9996B0B0FE63}.Debug|Any CPU.Build.0 = Debug|Any CPU
		{42BD0AB5-235E-4DF4-A137-9996B0B0FE63}.Release|Any CPU.ActiveCfg = Release|Any CPU
		{42BD0AB5-235E-4DF4-A137-9996B0B0FE63}.Release|Any CPU.Build.0 = Release|Any CPU
		{5BE9559E-1B1B-4083-8C3C-2D68C16555C9}.Debug|Any CPU.ActiveCfg = Debug|Any CPU
		{5BE9559E-1B1B-4083-8C3C-2D68C16555C9}.Debug|Any CPU.Build.0 = Debug|Any CPU
		{5BE9559E-1B1B-4083-8C3C-2D68C16555C9}.Release|Any CPU.ActiveCfg = Release|Any CPU
		{5BE9559E-1B1B-4083-8C3C-2D68C16555C9}.Release|Any CPU.Build.0 = Release|Any CPU
		{3EFF5DBF-6C77-4B3D-8F5C-7C05D6FB00E2}.Debug|Any CPU.ActiveCfg = Debug|Any CPU
		{3EFF5DBF-6C77-4B3D-8F5C-7C05D6FB00E2}.Debug|Any CPU.Build.0 = Debug|Any CPU
		{3EFF5DBF-6C77-4B3D-8F5C-7C05D6FB00E2}.Release|Any CPU.ActiveCfg = Release|Any CPU
		{3EFF5DBF-6C77-4B3D-8F5C-7C05D6FB00E2}.Release|Any CPU.Build.0 = Release|Any CPU
		{BF6C4B9D-77F5-4E07-A422-D6E3A9690F07}.Debug|Any CPU.ActiveCfg = Debug|Any CPU
		{BF6C4B9D-77F5-4E07-A422-D6E3A9690F07}.Debug|Any CPU.Build.0 = Debug|Any CPU
		{BF6C4B9D-77F5-4E07-A422-D6E3A9690F07}.Release|Any CPU.ActiveCfg = Release|Any CPU
		{BF6C4B9D-77F5-4E07-A422-D6E3A9690F07}.Release|Any CPU.Build.0 = Release|Any CPU
		{3DB3EF7A-5F2E-4896-AFA3-3ED971D51736}.Debug|Any CPU.ActiveCfg = Debug|Any CPU
		{3DB3EF7A-5F2E-4896-AFA3-3ED971D51736}.Debug|Any CPU.Build.0 = Debug|Any CPU
		{3DB3EF7A-5F2E-4896-AFA3-3ED971D51736}.Release|Any CPU.ActiveCfg = Release|Any CPU
		{3DB3EF7A-5F2E-4896-AFA3-3ED971D51736}.Release|Any CPU.Build.0 = Release|Any CPU
		{4343094E-A8E4-4757-91B8-F64F8F207BED}.Debug|Any CPU.ActiveCfg = Debug|Any CPU
		{4343094E-A8E4-4757-91B8-F64F8F207BED}.Debug|Any CPU.Build.0 = Debug|Any CPU
		{4343094E-A8E4-4757-91B8-F64F8F207BED}.Release|Any CPU.ActiveCfg = Release|Any CPU
		{4343094E-A8E4-4757-91B8-F64F8F207BED}.Release|Any CPU.Build.0 = Release|Any CPU
		{6B78966B-EFCA-4938-BDCB-55208EAEC1B3}.Debug|Any CPU.ActiveCfg = Debug|Any CPU
		{6B78966B-EFCA-4938-BDCB-55208EAEC1B3}.Debug|Any CPU.Build.0 = Debug|Any CPU
		{6B78966B-EFCA-4938-BDCB-55208EAEC1B3}.Release|Any CPU.ActiveCfg = Release|Any CPU
		{6B78966B-EFCA-4938-BDCB-55208EAEC1B3}.Release|Any CPU.Build.0 = Release|Any CPU
		{F121AE24-E526-47C8-BEFE-3CF777010C18}.Debug|Any CPU.ActiveCfg = Debug|Any CPU
		{F121AE24-E526-47C8-BEFE-3CF777010C18}.Debug|Any CPU.Build.0 = Debug|Any CPU
		{F121AE24-E526-47C8-BEFE-3CF777010C18}.Release|Any CPU.ActiveCfg = Release|Any CPU
		{F121AE24-E526-47C8-BEFE-3CF777010C18}.Release|Any CPU.Build.0 = Release|Any CPU
		{F38A69D7-D15C-4DE4-8826-D765003B9A09}.Debug|Any CPU.ActiveCfg = Debug|Any CPU
		{F38A69D7-D15C-4DE4-8826-D765003B9A09}.Debug|Any CPU.Build.0 = Debug|Any CPU
		{F38A69D7-D15C-4DE4-8826-D765003B9A09}.Release|Any CPU.ActiveCfg = Release|Any CPU
		{F38A69D7-D15C-4DE4-8826-D765003B9A09}.Release|Any CPU.Build.0 = Release|Any CPU
		{59BD7DB5-5DD9-4559-AD98-3832F3E1D5F6}.Debug|Any CPU.ActiveCfg = Debug|Any CPU
		{59BD7DB5-5DD9-4559-AD98-3832F3E1D5F6}.Debug|Any CPU.Build.0 = Debug|Any CPU
		{59BD7DB5-5DD9-4559-AD98-3832F3E1D5F6}.Release|Any CPU.ActiveCfg = Release|Any CPU
		{59BD7DB5-5DD9-4559-AD98-3832F3E1D5F6}.Release|Any CPU.Build.0 = Release|Any CPU
		{5C553CA7-034C-41BB-86A6-A1AFDFD4D397}.Debug|Any CPU.ActiveCfg = Debug|Any CPU
		{5C553CA7-034C-41BB-86A6-A1AFDFD4D397}.Debug|Any CPU.Build.0 = Debug|Any CPU
		{5C553CA7-034C-41BB-86A6-A1AFDFD4D397}.Release|Any CPU.ActiveCfg = Release|Any CPU
		{5C553CA7-034C-41BB-86A6-A1AFDFD4D397}.Release|Any CPU.Build.0 = Release|Any CPU
		{AF95EB01-CDBC-40D8-A6B3-EE0A5273C8D2}.Debug|Any CPU.ActiveCfg = Debug|Any CPU
		{AF95EB01-CDBC-40D8-A6B3-EE0A5273C8D2}.Debug|Any CPU.Build.0 = Debug|Any CPU
		{AF95EB01-CDBC-40D8-A6B3-EE0A5273C8D2}.Release|Any CPU.ActiveCfg = Release|Any CPU
		{AF95EB01-CDBC-40D8-A6B3-EE0A5273C8D2}.Release|Any CPU.Build.0 = Release|Any CPU
		{C1134B51-417E-4DA1-93C4-5F04B6AA58FE}.Debug|Any CPU.ActiveCfg = Debug|Any CPU
		{C1134B51-417E-4DA1-93C4-5F04B6AA58FE}.Debug|Any CPU.Build.0 = Debug|Any CPU
		{C1134B51-417E-4DA1-93C4-5F04B6AA58FE}.Release|Any CPU.ActiveCfg = Release|Any CPU
		{C1134B51-417E-4DA1-93C4-5F04B6AA58FE}.Release|Any CPU.Build.0 = Release|Any CPU
		{18095629-E0F1-4387-92DD-4F2A5A3B51A5}.Debug|Any CPU.ActiveCfg = Debug|Any CPU
		{18095629-E0F1-4387-92DD-4F2A5A3B51A5}.Debug|Any CPU.Build.0 = Debug|Any CPU
		{18095629-E0F1-4387-92DD-4F2A5A3B51A5}.Release|Any CPU.ActiveCfg = Release|Any CPU
		{18095629-E0F1-4387-92DD-4F2A5A3B51A5}.Release|Any CPU.Build.0 = Release|Any CPU
		{99AA4519-8849-4253-8CEC-E05BB3C613DE}.Debug|Any CPU.ActiveCfg = Debug|Any CPU
		{99AA4519-8849-4253-8CEC-E05BB3C613DE}.Debug|Any CPU.Build.0 = Debug|Any CPU
		{99AA4519-8849-4253-8CEC-E05BB3C613DE}.Release|Any CPU.ActiveCfg = Release|Any CPU
		{99AA4519-8849-4253-8CEC-E05BB3C613DE}.Release|Any CPU.Build.0 = Release|Any CPU
		{ABB6EBB9-7D84-497F-AC99-55B6E5EFA273}.Debug|Any CPU.ActiveCfg = Debug|Any CPU
		{ABB6EBB9-7D84-497F-AC99-55B6E5EFA273}.Debug|Any CPU.Build.0 = Debug|Any CPU
		{ABB6EBB9-7D84-497F-AC99-55B6E5EFA273}.Release|Any CPU.ActiveCfg = Release|Any CPU
		{ABB6EBB9-7D84-497F-AC99-55B6E5EFA273}.Release|Any CPU.Build.0 = Release|Any CPU
		{E9252C7E-2F05-4B2E-B05B-2DFA55CA4DD8}.Debug|Any CPU.ActiveCfg = Debug|Any CPU
		{E9252C7E-2F05-4B2E-B05B-2DFA55CA4DD8}.Debug|Any CPU.Build.0 = Debug|Any CPU
		{E9252C7E-2F05-4B2E-B05B-2DFA55CA4DD8}.Release|Any CPU.ActiveCfg = Release|Any CPU
		{E9252C7E-2F05-4B2E-B05B-2DFA55CA4DD8}.Release|Any CPU.Build.0 = Release|Any CPU
		{0D60A2B0-6169-4DAE-A701-6BE9835D2042}.Debug|Any CPU.ActiveCfg = Debug|Any CPU
		{0D60A2B0-6169-4DAE-A701-6BE9835D2042}.Debug|Any CPU.Build.0 = Debug|Any CPU
		{0D60A2B0-6169-4DAE-A701-6BE9835D2042}.Release|Any CPU.ActiveCfg = Release|Any CPU
		{0D60A2B0-6169-4DAE-A701-6BE9835D2042}.Release|Any CPU.Build.0 = Release|Any CPU
		{D33A2908-F2A6-4B04-8961-9A1338950762}.Debug|Any CPU.ActiveCfg = Debug|Any CPU
		{D33A2908-F2A6-4B04-8961-9A1338950762}.Debug|Any CPU.Build.0 = Debug|Any CPU
		{D33A2908-F2A6-4B04-8961-9A1338950762}.Release|Any CPU.ActiveCfg = Release|Any CPU
		{D33A2908-F2A6-4B04-8961-9A1338950762}.Release|Any CPU.Build.0 = Release|Any CPU
		{7E1E0E74-04D3-4DC9-82E6-407435D4C1AF}.Debug|Any CPU.ActiveCfg = Debug|Any CPU
		{7E1E0E74-04D3-4DC9-82E6-407435D4C1AF}.Debug|Any CPU.Build.0 = Debug|Any CPU
		{7E1E0E74-04D3-4DC9-82E6-407435D4C1AF}.Release|Any CPU.ActiveCfg = Release|Any CPU
		{7E1E0E74-04D3-4DC9-82E6-407435D4C1AF}.Release|Any CPU.Build.0 = Release|Any CPU
		{F4CBD301-F44F-4280-934A-C4E076C0C8D1}.Debug|Any CPU.ActiveCfg = Debug|Any CPU
		{F4CBD301-F44F-4280-934A-C4E076C0C8D1}.Debug|Any CPU.Build.0 = Debug|Any CPU
		{F4CBD301-F44F-4280-934A-C4E076C0C8D1}.Release|Any CPU.ActiveCfg = Release|Any CPU
		{F4CBD301-F44F-4280-934A-C4E076C0C8D1}.Release|Any CPU.Build.0 = Release|Any CPU
		{B309FADB-7B28-4605-8EF5-4AEA570CDC24}.Debug|Any CPU.ActiveCfg = Debug|Any CPU
		{B309FADB-7B28-4605-8EF5-4AEA570CDC24}.Debug|Any CPU.Build.0 = Debug|Any CPU
		{B309FADB-7B28-4605-8EF5-4AEA570CDC24}.Release|Any CPU.ActiveCfg = Release|Any CPU
		{B309FADB-7B28-4605-8EF5-4AEA570CDC24}.Release|Any CPU.Build.0 = Release|Any CPU
	EndGlobalSection
	GlobalSection(NestedProjects) = preSolution
		{E4CD6304-31CF-4EAD-B1C6-F2D760CAD67E} = {BDFCA23C-C879-48E5-87BC-F732B7CBA3F4}
		{527F0505-4206-4D8B-BD0C-43E53554B4BB} = {BDFCA23C-C879-48E5-87BC-F732B7CBA3F4}
		{B211907E-8F4E-4F18-8C3A-D58505489E98} = {30751F6C-F67B-4FEF-BA9A-C378FBDA4C06}
		{B0B4971A-304B-4864-AAF9-34190E96436F} = {30751F6C-F67B-4FEF-BA9A-C378FBDA4C06}
		{42BD0AB5-235E-4DF4-A137-9996B0B0FE63} = {3296A863-88AB-4A20-A980-FD14E908A619}
		{5BE9559E-1B1B-4083-8C3C-2D68C16555C9} = {3296A863-88AB-4A20-A980-FD14E908A619}
		{3EFF5DBF-6C77-4B3D-8F5C-7C05D6FB00E2} = {9D2B1E0E-900E-4A84-8144-CFEA7955174C}
		{BF6C4B9D-77F5-4E07-A422-D6E3A9690F07} = {9D2B1E0E-900E-4A84-8144-CFEA7955174C}
		{3DB3EF7A-5F2E-4896-AFA3-3ED971D51736} = {D637CCFA-C41D-4902-93DE-07D2432287CD}
		{4343094E-A8E4-4757-91B8-F64F8F207BED} = {D637CCFA-C41D-4902-93DE-07D2432287CD}
		{6B78966B-EFCA-4938-BDCB-55208EAEC1B3} = {F31ABEEB-9271-4322-B20D-D284625D6DBE}
		{F121AE24-E526-47C8-BEFE-3CF777010C18} = {F31ABEEB-9271-4322-B20D-D284625D6DBE}
		{F38A69D7-D15C-4DE4-8826-D765003B9A09} = {B69F39D1-BAB1-441A-AEC9-78970ED620F3}
		{59BD7DB5-5DD9-4559-AD98-3832F3E1D5F6} = {B69F39D1-BAB1-441A-AEC9-78970ED620F3}
		{5C553CA7-034C-41BB-86A6-A1AFDFD4D397} = {CE9FCEB2-FD7B-48E3-9C00-71FD3E3F54AE}
		{AF95EB01-CDBC-40D8-A6B3-EE0A5273C8D2} = {CE9FCEB2-FD7B-48E3-9C00-71FD3E3F54AE}
		{C1134B51-417E-4DA1-93C4-5F04B6AA58FE} = {1A9FA8EF-3742-4223-948C-138E2D10D9F3}
		{18095629-E0F1-4387-92DD-4F2A5A3B51A5} = {1A9FA8EF-3742-4223-948C-138E2D10D9F3}
		{99AA4519-8849-4253-8CEC-E05BB3C613DE} = {CDED5924-77C0-41F3-B1E1-BCDF0DDB9BFE}
		{ABB6EBB9-7D84-497F-AC99-55B6E5EFA273} = {CDED5924-77C0-41F3-B1E1-BCDF0DDB9BFE}
		{E9252C7E-2F05-4B2E-B05B-2DFA55CA4DD8} = {BC73E4E4-9370-4536-948F-12013C2D6F06}
		{0D60A2B0-6169-4DAE-A701-6BE9835D2042} = {BC73E4E4-9370-4536-948F-12013C2D6F06}
		{D33A2908-F2A6-4B04-8961-9A1338950762} = {7F804219-54B2-4A99-B8BE-BDA118432C02}
		{7E1E0E74-04D3-4DC9-82E6-407435D4C1AF} = {7F804219-54B2-4A99-B8BE-BDA118432C02}
		{F4CBD301-F44F-4280-934A-C4E076C0C8D1} = {22440F2F-BB9C-4707-B9C6-82AEB51F9A41}
		{B309FADB-7B28-4605-8EF5-4AEA570CDC24} = {22440F2F-BB9C-4707-B9C6-82AEB51F9A41}
	EndGlobalSection
EndGlobal
