# This file is automatically @generated by Cargo.
# It is not intended for manual editing.
version = 3

[[package]]
name = "day01"
version = "0.1.0"
dependencies = [
 "rdcl_aoc_helpers",
]

[[package]]
name = "day02"
version = "0.1.0"
dependencies = [
 "rdcl_aoc_helpers",
]

[[package]]
name = "day03"
version = "0.1.0"
dependencies = [
 "rdcl_aoc_helpers",
]

[[package]]
name = "either"
version = "1.8.0"
source = "registry+https://github.com/rust-lang/crates.io-index"
checksum = "90e5c1c8368803113bf0c9584fc495a58b86dc8a29edbf8fe877d21d9507e797"

[[package]]
name = "grid"
version = "0.9.0"
source = "registry+https://github.com/rust-lang/crates.io-index"
checksum = "0634107a3a005070dd73e27e74ecb691a94e9e5ba7829f434db7fbf73a6b5c47"
dependencies = [
 "no-std-compat",
]

[[package]]
name = "itertools"
version = "0.10.5"
source = "registry+https://github.com/rust-lang/crates.io-index"
checksum = "b0fd2260e829bddf4cb6ea802289de2f86d6a7a690192fbe91b3f46e0f2c8473"
dependencies = [
 "either",
]

[[package]]
name = "no-std-compat"
version = "0.4.1"
source = "registry+https://github.com/rust-lang/crates.io-index"
checksum = "b93853da6d84c2e3c7d730d6473e8817692dd89be387eb01b94d7f108ecb5b8c"

[[package]]
name = "rdcl_aoc_helpers"
version = "0.10.0"
source = "registry+https://github.com/rust-lang/crates.io-index"
checksum = "a32ae1d3929a4ef748fc2567f1be1c9aa4f43c2d8fd917a1d7f117061990d597"
dependencies = [
 "grid",
 "itertools",
]
