
Microsoft Visual Studio Solution File, Format Version 12.00
# Visual Studio Version 16
VisualStudioVersion = 16.0.30114.105
MinimumVisualStudioVersion = 10.0.40219.1
Project("{F2A71F9B-5D33-465A-A702-920D77279786}") = "Day01", "Day01\Day01.fsproj", "{8D6D4E03-E63B-4BD0-8385-0F4D60F13AB1}"
EndProject
Project("{F2A71F9B-5D33-465A-A702-920D77279786}") = "Day01.Test", "Day01.Test\Day01.Test.fsproj", "{4F8342FA-5B53-4A36-8196-EEDE4A875EBE}"
EndProject
Project("{F2A71F9B-5D33-465A-A702-920D77279786}") = "Day02", "Day02\Day02.fsproj", "{E8B5172C-A102-4B5D-8224-C96F47D7E6F6}"
EndProject
Project("{F2A71F9B-5D33-465A-A702-920D77279786}") = "Day02.Test", "Day02.Test\Day02.Test.fsproj", "{C86F2FED-7C5C-4D74-830C-B265B059B6DE}"
EndProject
Project("{F2A71F9B-5D33-465A-A702-920D77279786}") = "Day03", "Day03\Day03.fsproj", "{C90DD463-DEC6-41BB-99A2-CDD5D927F667}"
EndProject
Project("{F2A71F9B-5D33-465A-A702-920D77279786}") = "Day03.Test", "Day03.Test\Day03.Test.fsproj", "{1A88AA45-94C0-4365-9E71-7E516A544DCB}"
EndProject
Project("{F2A71F9B-5D33-465A-A702-920D77279786}") = "Day04", "Day04\Day04.fsproj", "{3379656D-4368-471D-8D6A-D9187219422E}"
EndProject
Project("{F2A71F9B-5D33-465A-A702-920D77279786}") = "Day04.Test", "Day04.Test\Day04.Test.fsproj", "{2616538E-EE74-42DD-AB8A-038C3846748E}"
EndProject
Project("{F2A71F9B-5D33-465A-A702-920D77279786}") = "Day05", "Day05\Day05.fsproj", "{E5619F68-91CE-4DB1-91F0-D4E7251D5BEE}"
EndProject
Project("{F2A71F9B-5D33-465A-A702-920D77279786}") = "Day05.Test", "Day05.Test\Day05.Test.fsproj", "{644B8960-E324-42C2-9314-0FED784A5A54}"
EndProject
Project("{F2A71F9B-5D33-465A-A702-920D77279786}") = "Day06", "Day06\Day06.fsproj", "{AA1DFC29-4827-45A5-8110-D686648772C4}"
EndProject
Project("{F2A71F9B-5D33-465A-A702-920D77279786}") = "Day06.Test", "Day06.Test\Day06.Test.fsproj", "{31A0BE65-9227-4623-B962-162E31690D37}"
EndProject
Project("{F2A71F9B-5D33-465A-A702-920D77279786}") = "Day07", "Day07\Day07.fsproj", "{858ACD64-3B50-436C-B441-D2CBD48708CC}"
EndProject
Project("{F2A71F9B-5D33-465A-A702-920D77279786}") = "Day07.Test", "Day07.Test\Day07.Test.fsproj", "{31DDD3E6-F4C7-47D3-B51F-905CA63D04FA}"
EndProject
Project("{F2A71F9B-5D33-465A-A702-920D77279786}") = "Day08", "Day08\Day08.fsproj", "{D32DCD4C-7981-4C44-9F6B-A458CB96ACDF}"
EndProject
Project("{F2A71F9B-5D33-465A-A702-920D77279786}") = "Day08.Test", "Day08.Test\Day08.Test.fsproj", "{D81F63A5-A62C-43BD-BD73-B9B7DE1A31C2}"
EndProject
Project("{F2A71F9B-5D33-465A-A702-920D77279786}") = "Day09", "Day09\Day09.fsproj", "{E3714D03-1C47-4C23-86A0-AD87CBA3F4D6}"
EndProject
Project("{F2A71F9B-5D33-465A-A702-920D77279786}") = "Day09.Test", "Day09.Test\Day09.Test.fsproj", "{EDE3D824-2869-4532-B5F2-E41BD695EDE6}"
EndProject
Project("{F2A71F9B-5D33-465A-A702-920D77279786}") = "Day10", "Day10\Day10.fsproj", "{8D39E2AB-9684-4AC5-BCCC-644C3277CDBA}"
EndProject
Project("{F2A71F9B-5D33-465A-A702-920D77279786}") = "Day10.Test", "Day10.Test\Day10.Test.fsproj", "{6462941C-DF98-4DD3-BFFC-70DAD1EB3ED6}"
EndProject
Global
	GlobalSection(SolutionConfigurationPlatforms) = preSolution
		Debug|Any CPU = Debug|Any CPU
		Release|Any CPU = Release|Any CPU
	EndGlobalSection
	GlobalSection(SolutionProperties) = preSolution
		HideSolutionNode = FALSE
	EndGlobalSection
	GlobalSection(ProjectConfigurationPlatforms) = postSolution
		{8D6D4E03-E63B-4BD0-8385-0F4D60F13AB1}.Debug|Any CPU.ActiveCfg = Debug|Any CPU
		{8D6D4E03-E63B-4BD0-8385-0F4D60F13AB1}.Debug|Any CPU.Build.0 = Debug|Any CPU
		{8D6D4E03-E63B-4BD0-8385-0F4D60F13AB1}.Release|Any CPU.ActiveCfg = Release|Any CPU
		{8D6D4E03-E63B-4BD0-8385-0F4D60F13AB1}.Release|Any CPU.Build.0 = Release|Any CPU
		{4F8342FA-5B53-4A36-8196-EEDE4A875EBE}.Debug|Any CPU.ActiveCfg = Debug|Any CPU
		{4F8342FA-5B53-4A36-8196-EEDE4A875EBE}.Debug|Any CPU.Build.0 = Debug|Any CPU
		{4F8342FA-5B53-4A36-8196-EEDE4A875EBE}.Release|Any CPU.ActiveCfg = Release|Any CPU
		{4F8342FA-5B53-4A36-8196-EEDE4A875EBE}.Release|Any CPU.Build.0 = Release|Any CPU
		{E8B5172C-A102-4B5D-8224-C96F47D7E6F6}.Debug|Any CPU.ActiveCfg = Debug|Any CPU
		{E8B5172C-A102-4B5D-8224-C96F47D7E6F6}.Debug|Any CPU.Build.0 = Debug|Any CPU
		{E8B5172C-A102-4B5D-8224-C96F47D7E6F6}.Release|Any CPU.ActiveCfg = Release|Any CPU
		{E8B5172C-A102-4B5D-8224-C96F47D7E6F6}.Release|Any CPU.Build.0 = Release|Any CPU
		{C86F2FED-7C5C-4D74-830C-B265B059B6DE}.Debug|Any CPU.ActiveCfg = Debug|Any CPU
		{C86F2FED-7C5C-4D74-830C-B265B059B6DE}.Debug|Any CPU.Build.0 = Debug|Any CPU
		{C86F2FED-7C5C-4D74-830C-B265B059B6DE}.Release|Any CPU.ActiveCfg = Release|Any CPU
		{C86F2FED-7C5C-4D74-830C-B265B059B6DE}.Release|Any CPU.Build.0 = Release|Any CPU
		{C90DD463-DEC6-41BB-99A2-CDD5D927F667}.Debug|Any CPU.ActiveCfg = Debug|Any CPU
		{C90DD463-DEC6-41BB-99A2-CDD5D927F667}.Debug|Any CPU.Build.0 = Debug|Any CPU
		{C90DD463-DEC6-41BB-99A2-CDD5D927F667}.Release|Any CPU.ActiveCfg = Release|Any CPU
		{C90DD463-DEC6-41BB-99A2-CDD5D927F667}.Release|Any CPU.Build.0 = Release|Any CPU
		{1A88AA45-94C0-4365-9E71-7E516A544DCB}.Debug|Any CPU.ActiveCfg = Debug|Any CPU
		{1A88AA45-94C0-4365-9E71-7E516A544DCB}.Debug|Any CPU.Build.0 = Debug|Any CPU
		{1A88AA45-94C0-4365-9E71-7E516A544DCB}.Release|Any CPU.ActiveCfg = Release|Any CPU
		{1A88AA45-94C0-4365-9E71-7E516A544DCB}.Release|Any CPU.Build.0 = Release|Any CPU
		{3379656D-4368-471D-8D6A-D9187219422E}.Debug|Any CPU.ActiveCfg = Debug|Any CPU
		{3379656D-4368-471D-8D6A-D9187219422E}.Debug|Any CPU.Build.0 = Debug|Any CPU
		{3379656D-4368-471D-8D6A-D9187219422E}.Release|Any CPU.ActiveCfg = Release|Any CPU
		{3379656D-4368-471D-8D6A-D9187219422E}.Release|Any CPU.Build.0 = Release|Any CPU
		{2616538E-EE74-42DD-AB8A-038C3846748E}.Debug|Any CPU.ActiveCfg = Debug|Any CPU
		{2616538E-EE74-42DD-AB8A-038C3846748E}.Debug|Any CPU.Build.0 = Debug|Any CPU
		{2616538E-EE74-42DD-AB8A-038C3846748E}.Release|Any CPU.ActiveCfg = Release|Any CPU
		{2616538E-EE74-42DD-AB8A-038C3846748E}.Release|Any CPU.Build.0 = Release|Any CPU
		{E5619F68-91CE-4DB1-91F0-D4E7251D5BEE}.Debug|Any CPU.ActiveCfg = Debug|Any CPU
		{E5619F68-91CE-4DB1-91F0-D4E7251D5BEE}.Debug|Any CPU.Build.0 = Debug|Any CPU
		{E5619F68-91CE-4DB1-91F0-D4E7251D5BEE}.Release|Any CPU.ActiveCfg = Release|Any CPU
		{E5619F68-91CE-4DB1-91F0-D4E7251D5BEE}.Release|Any CPU.Build.0 = Release|Any CPU
		{644B8960-E324-42C2-9314-0FED784A5A54}.Debug|Any CPU.ActiveCfg = Debug|Any CPU
		{644B8960-E324-42C2-9314-0FED784A5A54}.Debug|Any CPU.Build.0 = Debug|Any CPU
		{644B8960-E324-42C2-9314-0FED784A5A54}.Release|Any CPU.ActiveCfg = Release|Any CPU
		{644B8960-E324-42C2-9314-0FED784A5A54}.Release|Any CPU.Build.0 = Release|Any CPU
		{AA1DFC29-4827-45A5-8110-D686648772C4}.Debug|Any CPU.ActiveCfg = Debug|Any CPU
		{AA1DFC29-4827-45A5-8110-D686648772C4}.Debug|Any CPU.Build.0 = Debug|Any CPU
		{AA1DFC29-4827-45A5-8110-D686648772C4}.Release|Any CPU.ActiveCfg = Release|Any CPU
		{AA1DFC29-4827-45A5-8110-D686648772C4}.Release|Any CPU.Build.0 = Release|Any CPU
		{31A0BE65-9227-4623-B962-162E31690D37}.Debug|Any CPU.ActiveCfg = Debug|Any CPU
		{31A0BE65-9227-4623-B962-162E31690D37}.Debug|Any CPU.Build.0 = Debug|Any CPU
		{31A0BE65-9227-4623-B962-162E31690D37}.Release|Any CPU.ActiveCfg = Release|Any CPU
		{31A0BE65-9227-4623-B962-162E31690D37}.Release|Any CPU.Build.0 = Release|Any CPU
		{858ACD64-3B50-436C-B441-D2CBD48708CC}.Debug|Any CPU.ActiveCfg = Debug|Any CPU
		{858ACD64-3B50-436C-B441-D2CBD48708CC}.Debug|Any CPU.Build.0 = Debug|Any CPU
		{858ACD64-3B50-436C-B441-D2CBD48708CC}.Release|Any CPU.ActiveCfg = Release|Any CPU
		{858ACD64-3B50-436C-B441-D2CBD48708CC}.Release|Any CPU.Build.0 = Release|Any CPU
		{31DDD3E6-F4C7-47D3-B51F-905CA63D04FA}.Debug|Any CPU.ActiveCfg = Debug|Any CPU
		{31DDD3E6-F4C7-47D3-B51F-905CA63D04FA}.Debug|Any CPU.Build.0 = Debug|Any CPU
		{31DDD3E6-F4C7-47D3-B51F-905CA63D04FA}.Release|Any CPU.ActiveCfg = Release|Any CPU
		{31DDD3E6-F4C7-47D3-B51F-905CA63D04FA}.Release|Any CPU.Build.0 = Release|Any CPU
		{D32DCD4C-7981-4C44-9F6B-A458CB96ACDF}.Debug|Any CPU.ActiveCfg = Debug|Any CPU
		{D32DCD4C-7981-4C44-9F6B-A458CB96ACDF}.Debug|Any CPU.Build.0 = Debug|Any CPU
		{D32DCD4C-7981-4C44-9F6B-A458CB96ACDF}.Release|Any CPU.ActiveCfg = Release|Any CPU
		{D32DCD4C-7981-4C44-9F6B-A458CB96ACDF}.Release|Any CPU.Build.0 = Release|Any CPU
		{D81F63A5-A62C-43BD-BD73-B9B7DE1A31C2}.Debug|Any CPU.ActiveCfg = Debug|Any CPU
		{D81F63A5-A62C-43BD-BD73-B9B7DE1A31C2}.Debug|Any CPU.Build.0 = Debug|Any CPU
		{D81F63A5-A62C-43BD-BD73-B9B7DE1A31C2}.Release|Any CPU.ActiveCfg = Release|Any CPU
		{D81F63A5-A62C-43BD-BD73-B9B7DE1A31C2}.Release|Any CPU.Build.0 = Release|Any CPU
		{E3714D03-1C47-4C23-86A0-AD87CBA3F4D6}.Debug|Any CPU.ActiveCfg = Debug|Any CPU
		{E3714D03-1C47-4C23-86A0-AD87CBA3F4D6}.Debug|Any CPU.Build.0 = Debug|Any CPU
		{E3714D03-1C47-4C23-86A0-AD87CBA3F4D6}.Release|Any CPU.ActiveCfg = Release|Any CPU
		{E3714D03-1C47-4C23-86A0-AD87CBA3F4D6}.Release|Any CPU.Build.0 = Release|Any CPU
		{EDE3D824-2869-4532-B5F2-E41BD695EDE6}.Debug|Any CPU.ActiveCfg = Debug|Any CPU
		{EDE3D824-2869-4532-B5F2-E41BD695EDE6}.Debug|Any CPU.Build.0 = Debug|Any CPU
		{EDE3D824-2869-4532-B5F2-E41BD695EDE6}.Release|Any CPU.ActiveCfg = Release|Any CPU
		{EDE3D824-2869-4532-B5F2-E41BD695EDE6}.Release|Any CPU.Build.0 = Release|Any CPU
		{8D39E2AB-9684-4AC5-BCCC-644C3277CDBA}.Debug|Any CPU.ActiveCfg = Debug|Any CPU
		{8D39E2AB-9684-4AC5-BCCC-644C3277CDBA}.Debug|Any CPU.Build.0 = Debug|Any CPU
		{8D39E2AB-9684-4AC5-BCCC-644C3277CDBA}.Release|Any CPU.ActiveCfg = Release|Any CPU
		{8D39E2AB-9684-4AC5-BCCC-644C3277CDBA}.Release|Any CPU.Build.0 = Release|Any CPU
		{6462941C-DF98-4DD3-BFFC-70DAD1EB3ED6}.Debug|Any CPU.ActiveCfg = Debug|Any CPU
		{6462941C-DF98-4DD3-BFFC-70DAD1EB3ED6}.Debug|Any CPU.Build.0 = Debug|Any CPU
		{6462941C-DF98-4DD3-BFFC-70DAD1EB3ED6}.Release|Any CPU.ActiveCfg = Release|Any CPU
		{6462941C-DF98-4DD3-BFFC-70DAD1EB3ED6}.Release|Any CPU.Build.0 = Release|Any CPU
	EndGlobalSection
EndGlobal
