
Microsoft Visual Studio Solution File, Format Version 12.00
# Visual Studio Version 16
VisualStudioVersion = 16.0.30114.105
MinimumVisualStudioVersion = 10.0.40219.1
Project("{F2A71F9B-5D33-465A-A702-920D77279786}") = "Day01", "Day01\Day01.fsproj", "{FB8504AB-0589-4339-B165-C1B434772210}"
EndProject
Project("{F2A71F9B-5D33-465A-A702-920D77279786}") = "Day01.Test", "Day01.Test\Day01.Test.fsproj", "{E33740B2-4B08-463A-8B9F-FD35A7A95986}"
EndProject
Global
	GlobalSection(SolutionConfigurationPlatforms) = preSolution
		Debug|Any CPU = Debug|Any CPU
		Release|Any CPU = Release|Any CPU
	EndGlobalSection
	GlobalSection(SolutionProperties) = preSolution
		HideSolutionNode = FALSE
	EndGlobalSection
	GlobalSection(ProjectConfigurationPlatforms) = postSolution
		{FB8504AB-0589-4339-B165-C1B434772210}.Debug|Any CPU.ActiveCfg = Debug|Any CPU
		{FB8504AB-0589-4339-B165-C1B434772210}.Debug|Any CPU.Build.0 = Debug|Any CPU
		{FB8504AB-0589-4339-B165-C1B434772210}.Release|Any CPU.ActiveCfg = Release|Any CPU
		{FB8504AB-0589-4339-B165-C1B434772210}.Release|Any CPU.Build.0 = Release|Any CPU
		{E33740B2-4B08-463A-8B9F-FD35A7A95986}.Debug|Any CPU.ActiveCfg = Debug|Any CPU
		{E33740B2-4B08-463A-8B9F-FD35A7A95986}.Debug|Any CPU.Build.0 = Debug|Any CPU
		{E33740B2-4B08-463A-8B9F-FD35A7A95986}.Release|Any CPU.ActiveCfg = Release|Any CPU
		{E33740B2-4B08-463A-8B9F-FD35A7A95986}.Release|Any CPU.Build.0 = Release|Any CPU
	EndGlobalSection
EndGlobal
