
Microsoft Visual Studio Solution File, Format Version 12.00
# Visual Studio Version 16
VisualStudioVersion = 16.0.30114.105
MinimumVisualStudioVersion = 10.0.40219.1
Project("{2150E333-8FDC-42A3-9474-1A3956D46DE8}") = "Day01", "Day01", "{ADCEAFD4-1901-41D1-9C83-91A54291190C}"
EndProject
Project("{F2A71F9B-5D33-465A-A702-920D77279786}") = "Day01", "Day01\Day01\Day01.fsproj", "{4E682F20-0698-416D-A216-AA8F362726BF}"
EndProject
Project("{F2A71F9B-5D33-465A-A702-920D77279786}") = "Day01.Test", "Day01\Day01.Test\Day01.Test.fsproj", "{7CCBCB25-F969-4984-84C6-9703A6302543}"
EndProject
Project("{2150E333-8FDC-42A3-9474-1A3956D46DE8}") = "Day02", "Day02", "{30B5510C-026A-4F54-867F-97B4C57AC3E7}"
EndProject
Project("{F2A71F9B-5D33-465A-A702-920D77279786}") = "Day02", "Day02\Day02\Day02.fsproj", "{A5461D08-BAF3-41C9-A75B-623BCAF3BDB5}"
EndProject
Project("{F2A71F9B-5D33-465A-A702-920D77279786}") = "Day02.Test", "Day02\Day02.Test\Day02.Test.fsproj", "{65954648-C512-4B67-BBAB-6D4B7FE265B9}"
EndProject
Project("{2150E333-8FDC-42A3-9474-1A3956D46DE8}") = "Day03", "Day03", "{23BE5778-9D59-4277-8892-235F9DEDF939}"
EndProject
Project("{F2A71F9B-5D33-465A-A702-920D77279786}") = "Day03", "Day03\Day03\Day03.fsproj", "{0ACCC2CB-919A-4EA3-8B18-7BA0F38C6A3F}"
EndProject
Project("{F2A71F9B-5D33-465A-A702-920D77279786}") = "Day03.Test", "Day03\Day03.Test\Day03.Test.fsproj", "{0FFD36E0-1B53-479C-B767-05C3F21521FC}"
EndProject
Project("{2150E333-8FDC-42A3-9474-1A3956D46DE8}") = "Day04", "Day04", "{0FF6209A-7484-4CCE-B6BE-1CD3CF83E73F}"
EndProject
Project("{F2A71F9B-5D33-465A-A702-920D77279786}") = "Day04", "Day04\Day04\Day04.fsproj", "{85800988-BC5B-4339-AD0A-2E1BA6AE21F8}"
EndProject
Project("{F2A71F9B-5D33-465A-A702-920D77279786}") = "Day04.Test", "Day04\Day04.Test\Day04.Test.fsproj", "{434B1F97-2837-4714-8A55-899D0EABA56C}"
EndProject
Project("{2150E333-8FDC-42A3-9474-1A3956D46DE8}") = "Day05", "Day05", "{5555FE3E-7E25-4485-8E6F-1D5D14CACC24}"
EndProject
Project("{F2A71F9B-5D33-465A-A702-920D77279786}") = "Day05", "Day05\Day05\Day05.fsproj", "{E80587AA-5FAE-42B4-B906-58171B48F452}"
EndProject
Project("{F2A71F9B-5D33-465A-A702-920D77279786}") = "Day05.Test", "Day05\Day05.Test\Day05.Test.fsproj", "{0073DF13-EF5A-4B33-9F41-F81861E852DE}"
EndProject
Project("{2150E333-8FDC-42A3-9474-1A3956D46DE8}") = "Day06", "Day06", "{3751B053-CC0D-4AED-A69C-FB4426AA5B8B}"
EndProject
Project("{F2A71F9B-5D33-465A-A702-920D77279786}") = "Day06", "Day06\Day06\Day06.fsproj", "{CC773270-D324-4475-AC48-AB261F5A177E}"
EndProject
Project("{F2A71F9B-5D33-465A-A702-920D77279786}") = "Day06.Test", "Day06\Day06.Test\Day06.Test.fsproj", "{F1188CE5-186C-4787-895F-FC6915F96E00}"
EndProject
Project("{2150E333-8FDC-42A3-9474-1A3956D46DE8}") = "Day07", "Day07", "{BFB24151-0AF6-4660-A198-A8540A774DA5}"
EndProject
Project("{F2A71F9B-5D33-465A-A702-920D77279786}") = "Day07", "Day07\Day07\Day07.fsproj", "{ED1120BF-DF64-4104-BDED-B0C78C100E3E}"
EndProject
Project("{F2A71F9B-5D33-465A-A702-920D77279786}") = "Day07.Test", "Day07\Day07.Test\Day07.Test.fsproj", "{FCD8D789-2DB4-45F2-92FD-757353850746}"
EndProject
Project("{2150E333-8FDC-42A3-9474-1A3956D46DE8}") = "Day08", "Day08", "{3E1676D3-865E-44FE-9E53-D0F1F293AC97}"
EndProject
Project("{F2A71F9B-5D33-465A-A702-920D77279786}") = "Day08", "Day08\Day08\Day08.fsproj", "{81308F58-7D07-492A-84CE-0CECECAF6A67}"
EndProject
Project("{F2A71F9B-5D33-465A-A702-920D77279786}") = "Day08.Test", "Day08\Day08.Test\Day08.Test.fsproj", "{794A3E6D-A931-4476-8491-1E7A8E0003C4}"
EndProject
Project("{2150E333-8FDC-42A3-9474-1A3956D46DE8}") = "Day09", "Day09", "{6082EF3C-54A6-4F71-BE37-96CE9EFCCA06}"
EndProject
Project("{F2A71F9B-5D33-465A-A702-920D77279786}") = "Day09", "Day09\Day09\Day09.fsproj", "{9A7777AF-3EE8-4A23-8D77-85CDAE252D72}"
EndProject
Project("{F2A71F9B-5D33-465A-A702-920D77279786}") = "Day09.Test", "Day09\Day09.Test\Day09.Test.fsproj", "{F995DB8E-4F15-4EE1-84AF-328FB43B5368}"
EndProject
Project("{2150E333-8FDC-42A3-9474-1A3956D46DE8}") = "Day10", "Day10", "{B44AEDCE-6C6B-40D1-9BA1-4A7864FB4BF1}"
EndProject
Project("{F2A71F9B-5D33-465A-A702-920D77279786}") = "Day10", "Day10\Day10\Day10.fsproj", "{B7E2BA06-285E-432A-A8F3-1D7671046CF6}"
EndProject
Project("{F2A71F9B-5D33-465A-A702-920D77279786}") = "Day10.Test", "Day10\Day10.Test\Day10.Test.fsproj", "{A5551FEE-426A-42F7-9C86-3A8E3E80DF71}"
EndProject
Global
	GlobalSection(SolutionConfigurationPlatforms) = preSolution
		Debug|Any CPU = Debug|Any CPU
		Release|Any CPU = Release|Any CPU
	EndGlobalSection
	GlobalSection(SolutionProperties) = preSolution
		HideSolutionNode = FALSE
	EndGlobalSection
	GlobalSection(ProjectConfigurationPlatforms) = postSolution
		{4E682F20-0698-416D-A216-AA8F362726BF}.Debug|Any CPU.ActiveCfg = Debug|Any CPU
		{4E682F20-0698-416D-A216-AA8F362726BF}.Debug|Any CPU.Build.0 = Debug|Any CPU
		{4E682F20-0698-416D-A216-AA8F362726BF}.Release|Any CPU.ActiveCfg = Release|Any CPU
		{4E682F20-0698-416D-A216-AA8F362726BF}.Release|Any CPU.Build.0 = Release|Any CPU
		{7CCBCB25-F969-4984-84C6-9703A6302543}.Debug|Any CPU.ActiveCfg = Debug|Any CPU
		{7CCBCB25-F969-4984-84C6-9703A6302543}.Debug|Any CPU.Build.0 = Debug|Any CPU
		{7CCBCB25-F969-4984-84C6-9703A6302543}.Release|Any CPU.ActiveCfg = Release|Any CPU
		{7CCBCB25-F969-4984-84C6-9703A6302543}.Release|Any CPU.Build.0 = Release|Any CPU
		{A5461D08-BAF3-41C9-A75B-623BCAF3BDB5}.Debug|Any CPU.ActiveCfg = Debug|Any CPU
		{A5461D08-BAF3-41C9-A75B-623BCAF3BDB5}.Debug|Any CPU.Build.0 = Debug|Any CPU
		{A5461D08-BAF3-41C9-A75B-623BCAF3BDB5}.Release|Any CPU.ActiveCfg = Release|Any CPU
		{A5461D08-BAF3-41C9-A75B-623BCAF3BDB5}.Release|Any CPU.Build.0 = Release|Any CPU
		{65954648-C512-4B67-BBAB-6D4B7FE265B9}.Debug|Any CPU.ActiveCfg = Debug|Any CPU
		{65954648-C512-4B67-BBAB-6D4B7FE265B9}.Debug|Any CPU.Build.0 = Debug|Any CPU
		{65954648-C512-4B67-BBAB-6D4B7FE265B9}.Release|Any CPU.ActiveCfg = Release|Any CPU
		{65954648-C512-4B67-BBAB-6D4B7FE265B9}.Release|Any CPU.Build.0 = Release|Any CPU
		{0ACCC2CB-919A-4EA3-8B18-7BA0F38C6A3F}.Debug|Any CPU.ActiveCfg = Debug|Any CPU
		{0ACCC2CB-919A-4EA3-8B18-7BA0F38C6A3F}.Debug|Any CPU.Build.0 = Debug|Any CPU
		{0ACCC2CB-919A-4EA3-8B18-7BA0F38C6A3F}.Release|Any CPU.ActiveCfg = Release|Any CPU
		{0ACCC2CB-919A-4EA3-8B18-7BA0F38C6A3F}.Release|Any CPU.Build.0 = Release|Any CPU
		{0FFD36E0-1B53-479C-B767-05C3F21521FC}.Debug|Any CPU.ActiveCfg = Debug|Any CPU
		{0FFD36E0-1B53-479C-B767-05C3F21521FC}.Debug|Any CPU.Build.0 = Debug|Any CPU
		{0FFD36E0-1B53-479C-B767-05C3F21521FC}.Release|Any CPU.ActiveCfg = Release|Any CPU
		{0FFD36E0-1B53-479C-B767-05C3F21521FC}.Release|Any CPU.Build.0 = Release|Any CPU
		{85800988-BC5B-4339-AD0A-2E1BA6AE21F8}.Debug|Any CPU.ActiveCfg = Debug|Any CPU
		{85800988-BC5B-4339-AD0A-2E1BA6AE21F8}.Debug|Any CPU.Build.0 = Debug|Any CPU
		{85800988-BC5B-4339-AD0A-2E1BA6AE21F8}.Release|Any CPU.ActiveCfg = Release|Any CPU
		{85800988-BC5B-4339-AD0A-2E1BA6AE21F8}.Release|Any CPU.Build.0 = Release|Any CPU
		{434B1F97-2837-4714-8A55-899D0EABA56C}.Debug|Any CPU.ActiveCfg = Debug|Any CPU
		{434B1F97-2837-4714-8A55-899D0EABA56C}.Debug|Any CPU.Build.0 = Debug|Any CPU
		{434B1F97-2837-4714-8A55-899D0EABA56C}.Release|Any CPU.ActiveCfg = Release|Any CPU
		{434B1F97-2837-4714-8A55-899D0EABA56C}.Release|Any CPU.Build.0 = Release|Any CPU
		{E80587AA-5FAE-42B4-B906-58171B48F452}.Debug|Any CPU.ActiveCfg = Debug|Any CPU
		{E80587AA-5FAE-42B4-B906-58171B48F452}.Debug|Any CPU.Build.0 = Debug|Any CPU
		{E80587AA-5FAE-42B4-B906-58171B48F452}.Release|Any CPU.ActiveCfg = Release|Any CPU
		{E80587AA-5FAE-42B4-B906-58171B48F452}.Release|Any CPU.Build.0 = Release|Any CPU
		{0073DF13-EF5A-4B33-9F41-F81861E852DE}.Debug|Any CPU.ActiveCfg = Debug|Any CPU
		{0073DF13-EF5A-4B33-9F41-F81861E852DE}.Debug|Any CPU.Build.0 = Debug|Any CPU
		{0073DF13-EF5A-4B33-9F41-F81861E852DE}.Release|Any CPU.ActiveCfg = Release|Any CPU
		{0073DF13-EF5A-4B33-9F41-F81861E852DE}.Release|Any CPU.Build.0 = Release|Any CPU
		{CC773270-D324-4475-AC48-AB261F5A177E}.Debug|Any CPU.ActiveCfg = Debug|Any CPU
		{CC773270-D324-4475-AC48-AB261F5A177E}.Debug|Any CPU.Build.0 = Debug|Any CPU
		{CC773270-D324-4475-AC48-AB261F5A177E}.Release|Any CPU.ActiveCfg = Release|Any CPU
		{CC773270-D324-4475-AC48-AB261F5A177E}.Release|Any CPU.Build.0 = Release|Any CPU
		{F1188CE5-186C-4787-895F-FC6915F96E00}.Debug|Any CPU.ActiveCfg = Debug|Any CPU
		{F1188CE5-186C-4787-895F-FC6915F96E00}.Debug|Any CPU.Build.0 = Debug|Any CPU
		{F1188CE5-186C-4787-895F-FC6915F96E00}.Release|Any CPU.ActiveCfg = Release|Any CPU
		{F1188CE5-186C-4787-895F-FC6915F96E00}.Release|Any CPU.Build.0 = Release|Any CPU
		{ED1120BF-DF64-4104-BDED-B0C78C100E3E}.Debug|Any CPU.ActiveCfg = Debug|Any CPU
		{ED1120BF-DF64-4104-BDED-B0C78C100E3E}.Debug|Any CPU.Build.0 = Debug|Any CPU
		{ED1120BF-DF64-4104-BDED-B0C78C100E3E}.Release|Any CPU.ActiveCfg = Release|Any CPU
		{ED1120BF-DF64-4104-BDED-B0C78C100E3E}.Release|Any CPU.Build.0 = Release|Any CPU
		{FCD8D789-2DB4-45F2-92FD-757353850746}.Debug|Any CPU.ActiveCfg = Debug|Any CPU
		{FCD8D789-2DB4-45F2-92FD-757353850746}.Debug|Any CPU.Build.0 = Debug|Any CPU
		{FCD8D789-2DB4-45F2-92FD-757353850746}.Release|Any CPU.ActiveCfg = Release|Any CPU
		{FCD8D789-2DB4-45F2-92FD-757353850746}.Release|Any CPU.Build.0 = Release|Any CPU
		{81308F58-7D07-492A-84CE-0CECECAF6A67}.Debug|Any CPU.ActiveCfg = Debug|Any CPU
		{81308F58-7D07-492A-84CE-0CECECAF6A67}.Debug|Any CPU.Build.0 = Debug|Any CPU
		{81308F58-7D07-492A-84CE-0CECECAF6A67}.Release|Any CPU.ActiveCfg = Release|Any CPU
		{81308F58-7D07-492A-84CE-0CECECAF6A67}.Release|Any CPU.Build.0 = Release|Any CPU
		{794A3E6D-A931-4476-8491-1E7A8E0003C4}.Debug|Any CPU.ActiveCfg = Debug|Any CPU
		{794A3E6D-A931-4476-8491-1E7A8E0003C4}.Debug|Any CPU.Build.0 = Debug|Any CPU
		{794A3E6D-A931-4476-8491-1E7A8E0003C4}.Release|Any CPU.ActiveCfg = Release|Any CPU
		{794A3E6D-A931-4476-8491-1E7A8E0003C4}.Release|Any CPU.Build.0 = Release|Any CPU
		{9A7777AF-3EE8-4A23-8D77-85CDAE252D72}.Debug|Any CPU.ActiveCfg = Debug|Any CPU
		{9A7777AF-3EE8-4A23-8D77-85CDAE252D72}.Debug|Any CPU.Build.0 = Debug|Any CPU
		{9A7777AF-3EE8-4A23-8D77-85CDAE252D72}.Release|Any CPU.ActiveCfg = Release|Any CPU
		{9A7777AF-3EE8-4A23-8D77-85CDAE252D72}.Release|Any CPU.Build.0 = Release|Any CPU
		{F995DB8E-4F15-4EE1-84AF-328FB43B5368}.Debug|Any CPU.ActiveCfg = Debug|Any CPU
		{F995DB8E-4F15-4EE1-84AF-328FB43B5368}.Debug|Any CPU.Build.0 = Debug|Any CPU
		{F995DB8E-4F15-4EE1-84AF-328FB43B5368}.Release|Any CPU.ActiveCfg = Release|Any CPU
		{F995DB8E-4F15-4EE1-84AF-328FB43B5368}.Release|Any CPU.Build.0 = Release|Any CPU
		{B7E2BA06-285E-432A-A8F3-1D7671046CF6}.Debug|Any CPU.ActiveCfg = Debug|Any CPU
		{B7E2BA06-285E-432A-A8F3-1D7671046CF6}.Debug|Any CPU.Build.0 = Debug|Any CPU
		{B7E2BA06-285E-432A-A8F3-1D7671046CF6}.Release|Any CPU.ActiveCfg = Release|Any CPU
		{B7E2BA06-285E-432A-A8F3-1D7671046CF6}.Release|Any CPU.Build.0 = Release|Any CPU
		{A5551FEE-426A-42F7-9C86-3A8E3E80DF71}.Debug|Any CPU.ActiveCfg = Debug|Any CPU
		{A5551FEE-426A-42F7-9C86-3A8E3E80DF71}.Debug|Any CPU.Build.0 = Debug|Any CPU
		{A5551FEE-426A-42F7-9C86-3A8E3E80DF71}.Release|Any CPU.ActiveCfg = Release|Any CPU
		{A5551FEE-426A-42F7-9C86-3A8E3E80DF71}.Release|Any CPU.Build.0 = Release|Any CPU
	EndGlobalSection
	GlobalSection(NestedProjects) = preSolution
		{4E682F20-0698-416D-A216-AA8F362726BF} = {ADCEAFD4-1901-41D1-9C83-91A54291190C}
		{7CCBCB25-F969-4984-84C6-9703A6302543} = {ADCEAFD4-1901-41D1-9C83-91A54291190C}
		{A5461D08-BAF3-41C9-A75B-623BCAF3BDB5} = {30B5510C-026A-4F54-867F-97B4C57AC3E7}
		{65954648-C512-4B67-BBAB-6D4B7FE265B9} = {30B5510C-026A-4F54-867F-97B4C57AC3E7}
		{0ACCC2CB-919A-4EA3-8B18-7BA0F38C6A3F} = {23BE5778-9D59-4277-8892-235F9DEDF939}
		{0FFD36E0-1B53-479C-B767-05C3F21521FC} = {23BE5778-9D59-4277-8892-235F9DEDF939}
		{85800988-BC5B-4339-AD0A-2E1BA6AE21F8} = {0FF6209A-7484-4CCE-B6BE-1CD3CF83E73F}
		{434B1F97-2837-4714-8A55-899D0EABA56C} = {0FF6209A-7484-4CCE-B6BE-1CD3CF83E73F}
		{E80587AA-5FAE-42B4-B906-58171B48F452} = {5555FE3E-7E25-4485-8E6F-1D5D14CACC24}
		{0073DF13-EF5A-4B33-9F41-F81861E852DE} = {5555FE3E-7E25-4485-8E6F-1D5D14CACC24}
		{CC773270-D324-4475-AC48-AB261F5A177E} = {3751B053-CC0D-4AED-A69C-FB4426AA5B8B}
		{F1188CE5-186C-4787-895F-FC6915F96E00} = {3751B053-CC0D-4AED-A69C-FB4426AA5B8B}
		{ED1120BF-DF64-4104-BDED-B0C78C100E3E} = {BFB24151-0AF6-4660-A198-A8540A774DA5}
		{FCD8D789-2DB4-45F2-92FD-757353850746} = {BFB24151-0AF6-4660-A198-A8540A774DA5}
		{81308F58-7D07-492A-84CE-0CECECAF6A67} = {3E1676D3-865E-44FE-9E53-D0F1F293AC97}
		{794A3E6D-A931-4476-8491-1E7A8E0003C4} = {3E1676D3-865E-44FE-9E53-D0F1F293AC97}
		{9A7777AF-3EE8-4A23-8D77-85CDAE252D72} = {6082EF3C-54A6-4F71-BE37-96CE9EFCCA06}
		{F995DB8E-4F15-4EE1-84AF-328FB43B5368} = {6082EF3C-54A6-4F71-BE37-96CE9EFCCA06}
		{B7E2BA06-285E-432A-A8F3-1D7671046CF6} = {B44AEDCE-6C6B-40D1-9BA1-4A7864FB4BF1}
		{A5551FEE-426A-42F7-9C86-3A8E3E80DF71} = {B44AEDCE-6C6B-40D1-9BA1-4A7864FB4BF1}
	EndGlobalSection
EndGlobal
