
Microsoft Visual Studio Solution File, Format Version 12.00
# Visual Studio Version 16
VisualStudioVersion = 16.0.30114.105
MinimumVisualStudioVersion = 10.0.40219.1
Project("{2150E333-8FDC-42A3-9474-1A3956D46DE8}") = "2020", "2020", "{547CCAE7-9D77-4A7C-9BE1-107152194775}"
EndProject
Project("{F2A71F9B-5D33-465A-A702-920D77279786}") = "Day01", "2020\Day01\Day01.fsproj", "{55D73556-EC03-49AD-9828-20E2A84EFBE9}"
EndProject
Project("{F2A71F9B-5D33-465A-A702-920D77279786}") = "Day01.Test", "2020\Day01.Test\Day01.Test.fsproj", "{51B6D00D-970C-4F71-B011-AD98333C1B35}"
EndProject
Global
	GlobalSection(SolutionConfigurationPlatforms) = preSolution
		Debug|Any CPU = Debug|Any CPU
		Release|Any CPU = Release|Any CPU
	EndGlobalSection
	GlobalSection(SolutionProperties) = preSolution
		HideSolutionNode = FALSE
	EndGlobalSection
	GlobalSection(ProjectConfigurationPlatforms) = postSolution
		{55D73556-EC03-49AD-9828-20E2A84EFBE9}.Debug|Any CPU.ActiveCfg = Debug|Any CPU
		{55D73556-EC03-49AD-9828-20E2A84EFBE9}.Debug|Any CPU.Build.0 = Debug|Any CPU
		{55D73556-EC03-49AD-9828-20E2A84EFBE9}.Release|Any CPU.ActiveCfg = Release|Any CPU
		{55D73556-EC03-49AD-9828-20E2A84EFBE9}.Release|Any CPU.Build.0 = Release|Any CPU
		{51B6D00D-970C-4F71-B011-AD98333C1B35}.Debug|Any CPU.ActiveCfg = Debug|Any CPU
		{51B6D00D-970C-4F71-B011-AD98333C1B35}.Debug|Any CPU.Build.0 = Debug|Any CPU
		{51B6D00D-970C-4F71-B011-AD98333C1B35}.Release|Any CPU.ActiveCfg = Release|Any CPU
		{51B6D00D-970C-4F71-B011-AD98333C1B35}.Release|Any CPU.Build.0 = Release|Any CPU
	EndGlobalSection
	GlobalSection(NestedProjects) = preSolution
		{55D73556-EC03-49AD-9828-20E2A84EFBE9} = {547CCAE7-9D77-4A7C-9BE1-107152194775}
		{51B6D00D-970C-4F71-B011-AD98333C1B35} = {547CCAE7-9D77-4A7C-9BE1-107152194775}
	EndGlobalSection
EndGlobal
