# This file is automatically @generated by Cargo.
# It is not intended for manual editing.
version = 3

[[package]]
name = "aho-corasick"
version = "0.7.19"
source = "registry+https://github.com/rust-lang/crates.io-index"
checksum = "b4f55bd91a0978cbfd91c457a164bab8b4001c833b7f323132c0a4e1922dd44e"
dependencies = [
 "memchr",
]

[[package]]
name = "bit-set"
version = "0.5.3"
source = "registry+https://github.com/rust-lang/crates.io-index"
checksum = "0700ddab506f33b20a03b13996eccd309a48e5ff77d0d95926aa0210fb4e95f1"
dependencies = [
 "bit-vec",
]

[[package]]
name = "bit-vec"
version = "0.6.3"
source = "registry+https://github.com/rust-lang/crates.io-index"
checksum = "349f9b6a179ed607305526ca489b34ad0a41aed5f7980fa90eb03160b69598fb"

[[package]]
name = "day01"
version = "0.1.0"
dependencies = [
 "rdcl_aoc_helpers",
]

[[package]]
name = "day02"
version = "0.1.0"
dependencies = [
 "rdcl_aoc_helpers",
]

[[package]]
name = "day03"
version = "0.1.0"
dependencies = [
 "rdcl_aoc_helpers",
]

[[package]]
name = "day04"
version = "0.1.0"
dependencies = [
 "md5",
 "rdcl_aoc_helpers",
]

[[package]]
name = "day05"
version = "0.1.0"
dependencies = [
 "fancy-regex",
 "lazy_static",
 "rdcl_aoc_helpers",
]

[[package]]
name = "day06"
version = "0.1.0"
dependencies = [
 "rdcl_aoc_helpers",
]

[[package]]
name = "day07"
version = "0.1.0"
dependencies = [
 "rdcl_aoc_helpers",
]

[[package]]
name = "day08"
version = "0.1.0"
dependencies = [
 "rdcl_aoc_helpers",
]

[[package]]
name = "day09"
version = "0.1.0"
dependencies = [
 "rdcl_aoc_helpers",
 "shared",
]

[[package]]
name = "day10"
version = "0.1.0"
dependencies = [
 "rdcl_aoc_helpers",
]

[[package]]
name = "day11"
version = "0.1.0"
dependencies = [
 "rdcl_aoc_helpers",
]

[[package]]
name = "day12"
version = "0.1.0"
dependencies = [
 "json",
 "rdcl_aoc_helpers",
]

[[package]]
name = "day13"
version = "0.1.0"
dependencies = [
 "rdcl_aoc_helpers",
 "shared",
]

[[package]]
name = "day14"
version = "0.1.0"
dependencies = [
 "rdcl_aoc_helpers",
]

[[package]]
name = "day15"
version = "0.1.0"
dependencies = [
 "rdcl_aoc_helpers",
]

[[package]]
name = "day16"
version = "0.1.0"
dependencies = [
 "rdcl_aoc_helpers",
]

[[package]]
name = "day17"
version = "0.1.0"
dependencies = [
 "rdcl_aoc_helpers",
]

[[package]]
name = "day18"
version = "0.1.0"
dependencies = [
 "rdcl_aoc_helpers",
]

[[package]]
name = "day19"
version = "0.1.0"
dependencies = [
 "rdcl_aoc_helpers",
]

[[package]]
name = "day20"
version = "0.1.0"
dependencies = [
 "rdcl_aoc_helpers",
]

[[package]]
name = "day21"
version = "0.1.0"
dependencies = [
 "rdcl_aoc_helpers",
]

[[package]]
name = "day22"
version = "0.1.0"
dependencies = [
 "rdcl_aoc_helpers",
]

[[package]]
name = "day23"
version = "0.1.0"
dependencies = [
 "rdcl_aoc_helpers",
]

[[package]]
name = "day24"
version = "0.1.0"
dependencies = [
 "rdcl_aoc_helpers",
]

[[package]]
name = "day25"
version = "0.1.0"
dependencies = [
 "rdcl_aoc_helpers",
]

[[package]]
name = "either"
version = "1.8.0"
source = "registry+https://github.com/rust-lang/crates.io-index"
checksum = "90e5c1c8368803113bf0c9584fc495a58b86dc8a29edbf8fe877d21d9507e797"

[[package]]
name = "fancy-regex"
version = "0.10.0"
source = "registry+https://github.com/rust-lang/crates.io-index"
checksum = "0678ab2d46fa5195aaf59ad034c083d351377d4af57f3e073c074d0da3e3c766"
dependencies = [
 "bit-set",
 "regex",
]

[[package]]
name = "grid"
version = "0.9.0"
source = "registry+https://github.com/rust-lang/crates.io-index"
checksum = "0634107a3a005070dd73e27e74ecb691a94e9e5ba7829f434db7fbf73a6b5c47"
dependencies = [
 "no-std-compat",
]

[[package]]
name = "itertools"
version = "0.10.5"
source = "registry+https://github.com/rust-lang/crates.io-index"
checksum = "b0fd2260e829bddf4cb6ea802289de2f86d6a7a690192fbe91b3f46e0f2c8473"
dependencies = [
 "either",
]

[[package]]
name = "json"
version = "0.12.4"
source = "registry+https://github.com/rust-lang/crates.io-index"
checksum = "078e285eafdfb6c4b434e0d31e8cfcb5115b651496faca5749b88fafd4f23bfd"

[[package]]
name = "lazy_static"
version = "1.4.0"
source = "registry+https://github.com/rust-lang/crates.io-index"
checksum = "e2abad23fbc42b3700f2f279844dc832adb2b2eb069b2df918f455c4e18cc646"

[[package]]
name = "md5"
version = "0.7.0"
source = "registry+https://github.com/rust-lang/crates.io-index"
checksum = "490cc448043f947bae3cbee9c203358d62dbee0db12107a74be5c30ccfd09771"

[[package]]
name = "memchr"
version = "2.5.0"
source = "registry+https://github.com/rust-lang/crates.io-index"
checksum = "2dffe52ecf27772e601905b7522cb4ef790d2cc203488bbd0e2fe85fcb74566d"

[[package]]
name = "no-std-compat"
version = "0.4.1"
source = "registry+https://github.com/rust-lang/crates.io-index"
checksum = "b93853da6d84c2e3c7d730d6473e8817692dd89be387eb01b94d7f108ecb5b8c"

[[package]]
name = "rdcl_aoc_helpers"
version = "0.10.0"
source = "registry+https://github.com/rust-lang/crates.io-index"
checksum = "a32ae1d3929a4ef748fc2567f1be1c9aa4f43c2d8fd917a1d7f117061990d597"
dependencies = [
 "grid",
 "itertools",
]

[[package]]
name = "regex"
version = "1.6.0"
source = "registry+https://github.com/rust-lang/crates.io-index"
checksum = "4c4eb3267174b8c6c2f654116623910a0fef09c4753f8dd83db29c48a0df988b"
dependencies = [
 "aho-corasick",
 "memchr",
 "regex-syntax",
]

[[package]]
name = "regex-syntax"
version = "0.6.27"
source = "registry+https://github.com/rust-lang/crates.io-index"
checksum = "a3f87b73ce11b1619a3c6332f45341e0047173771e8b8b73f87bfeefb7b56244"

[[package]]
name = "shared"
version = "0.1.0"
dependencies = [
 "rdcl_aoc_helpers",
]
